{
  "object": {
    "pins": [
      {
        "package": "BerkananFoundation",
        "repositoryURL": "https://github.com/zssz/BerkananFoundation",
        "state": {
          "branch": null,
          "revision": "fdc3d368825be15810195113b4275970bdda6b3a",
          "version": "1.0.0"
        }
      }
    ]
  },
  "version": 1
}
