{
  "object": {
    "pins": [
      {
        "package": "TCNClient",
        "repositoryURL": "https://github.com/TCNCoalition/tcn-client-ios",
        "state": {
          "branch": "develop",
          "revision": "f3735e00e7c51fb8365561384e8fd7e2a656aeb6",
          "version": null
        }
      }
    ]
  },
  "version": 1
}
