{
  "object": {
    "pins": [
      {
        "package": "BerkananFoundation",
        "repositoryURL": "https://github.com/zssz/BerkananFoundation",
        "state": {
          "branch": null,
          "revision": "fdc3d368825be15810195113b4275970bdda6b3a",
          "version": "1.0.0"
        }
      },
      {
        "package": "ContactTracingBluetooth",
        "repositoryURL": "https://github.com/covid19risk/contact-tracing-bluetooth-ios",
        "state": {
          "branch": null,
          "revision": "f75dd2eecb68602e0b259d0f9c5721e2c32820e0",
          "version": "1.0.0"
        }
      },
      {
        "package": "ContactTracingCEN",
        "repositoryURL": "https://github.com/covid19risk/contact-tracing-cen-swift",
        "state": {
          "branch": null,
          "revision": "a503aacc80fa6a1209c0240fbf32c080fd8c4793",
          "version": "1.0.0"
        }
      }
    ]
  },
  "version": 1
}
