// !$*UTF8*$!
{
	archiveVersion = 1;
	classes = {
	};
	objectVersion = 52;
	objects = {

/* Begin PBXBuildFile section */
		2DA5B2C1241A55BE0075B2B4 /* UserData.swift in Sources */ = {isa = PBXBuildFile; fileRef = 2DA5B2C0241A55BE0075B2B4 /* UserData.swift */; };
		2DA5B2C3241A55EE0075B2B4 /* UserDefaultPropertyWrapper.swift in Sources */ = {isa = PBXBuildFile; fileRef = 2DA5B2C2241A55EE0075B2B4 /* UserDefaultPropertyWrapper.swift */; };
		2DB09A34241959880049CD2A /* ContactEventRow.swift in Sources */ = {isa = PBXBuildFile; fileRef = 2DB09A33241959880049CD2A /* ContactEventRow.swift */; };
		2DB09A362419639B0049CD2A /* UserProfileView.swift in Sources */ = {isa = PBXBuildFile; fileRef = 2DB09A352419639B0049CD2A /* UserProfileView.swift */; };
		2DB09A39241975B20049CD2A /* BluetoothService.swift in Sources */ = {isa = PBXBuildFile; fileRef = 2DB09A38241975B20049CD2A /* BluetoothService.swift */; };
		2DB09A3B24197A7C0049CD2A /* BluetoothController.swift in Sources */ = {isa = PBXBuildFile; fileRef = 2DB09A3A24197A7C0049CD2A /* BluetoothController.swift */; };
		2DB09A3D2419873A0049CD2A /* BluetoothService+CoreBluetooth.swift in Sources */ = {isa = PBXBuildFile; fileRef = 2DB09A3C2419873A0049CD2A /* BluetoothService+CoreBluetooth.swift */; };
		2DB09A40241A098F0049CD2A /* BerkananFoundation in Frameworks */ = {isa = PBXBuildFile; productRef = 2DB09A3F241A098F0049CD2A /* BerkananFoundation */; };
		2DDEBF5E241A3468005BE9A8 /* PersistentContainer.swift in Sources */ = {isa = PBXBuildFile; fileRef = 2DDEBF5D241A3468005BE9A8 /* PersistentContainer.swift */; };
		2DDEBF60241A369B005BE9A8 /* UIWindow+ViewControllerUtility.swift in Sources */ = {isa = PBXBuildFile; fileRef = 2DDEBF5F241A369A005BE9A8 /* UIWindow+ViewControllerUtility.swift */; };
		2DDEBF63241A3ED0005BE9A8 /* MapView.swift in Sources */ = {isa = PBXBuildFile; fileRef = 2DDEBF62241A3ED0005BE9A8 /* MapView.swift */; };
		2DFDC5A324190AB800B108F8 /* AppDelegate.swift in Sources */ = {isa = PBXBuildFile; fileRef = 2DFDC5A224190AB800B108F8 /* AppDelegate.swift */; };
		2DFDC5A524190AB800B108F8 /* SceneDelegate.swift in Sources */ = {isa = PBXBuildFile; fileRef = 2DFDC5A424190AB800B108F8 /* SceneDelegate.swift */; };
		2DFDC5A824190AB800B108F8 /* COVID_19_Risk.xcdatamodeld in Sources */ = {isa = PBXBuildFile; fileRef = 2DFDC5A624190AB800B108F8 /* COVID_19_Risk.xcdatamodeld */; };
		2DFDC5AA24190AB800B108F8 /* ContentView.swift in Sources */ = {isa = PBXBuildFile; fileRef = 2DFDC5A924190AB800B108F8 /* ContentView.swift */; };
		2DFDC5AC24190AB900B108F8 /* Assets.xcassets in Resources */ = {isa = PBXBuildFile; fileRef = 2DFDC5AB24190AB900B108F8 /* Assets.xcassets */; };
		2DFDC5AF24190AB900B108F8 /* Preview Assets.xcassets in Resources */ = {isa = PBXBuildFile; fileRef = 2DFDC5AE24190AB900B108F8 /* Preview Assets.xcassets */; };
		2DFDC5B224190AB900B108F8 /* LaunchScreen.storyboard in Resources */ = {isa = PBXBuildFile; fileRef = 2DFDC5B024190AB900B108F8 /* LaunchScreen.storyboard */; };
		2DFDC5BD24190ABA00B108F8 /* COVID_19_RiskTests.swift in Sources */ = {isa = PBXBuildFile; fileRef = 2DFDC5BC24190ABA00B108F8 /* COVID_19_RiskTests.swift */; };
		2DFDC5C824190ABA00B108F8 /* COVID_19_RiskUITests.swift in Sources */ = {isa = PBXBuildFile; fileRef = 2DFDC5C724190ABA00B108F8 /* COVID_19_RiskUITests.swift */; };
		2DFDC5E02419200E00B108F8 /* ContactEventList.swift in Sources */ = {isa = PBXBuildFile; fileRef = 2DFDC5DF2419200E00B108F8 /* ContactEventList.swift */; };
/* End PBXBuildFile section */

/* Begin PBXContainerItemProxy section */
		2DFDC5B924190ABA00B108F8 /* PBXContainerItemProxy */ = {
			isa = PBXContainerItemProxy;
			containerPortal = 2DFDC59724190AB700B108F8 /* Project object */;
			proxyType = 1;
			remoteGlobalIDString = 2DFDC59E24190AB700B108F8;
			remoteInfo = "COVID-19 Risk";
		};
		2DFDC5C424190ABA00B108F8 /* PBXContainerItemProxy */ = {
			isa = PBXContainerItemProxy;
			containerPortal = 2DFDC59724190AB700B108F8 /* Project object */;
			proxyType = 1;
			remoteGlobalIDString = 2DFDC59E24190AB700B108F8;
			remoteInfo = "COVID-19 Risk";
		};
/* End PBXContainerItemProxy section */

/* Begin PBXFileReference section */
		2DA5B2C0241A55BE0075B2B4 /* UserData.swift */ = {isa = PBXFileReference; fileEncoding = 4; lastKnownFileType = sourcecode.swift; path = UserData.swift; sourceTree = "<group>"; };
		2DA5B2C2241A55EE0075B2B4 /* UserDefaultPropertyWrapper.swift */ = {isa = PBXFileReference; fileEncoding = 4; lastKnownFileType = sourcecode.swift; path = UserDefaultPropertyWrapper.swift; sourceTree = "<group>"; };
		2DB09A33241959880049CD2A /* ContactEventRow.swift */ = {isa = PBXFileReference; lastKnownFileType = sourcecode.swift; path = ContactEventRow.swift; sourceTree = "<group>"; };
		2DB09A352419639B0049CD2A /* UserProfileView.swift */ = {isa = PBXFileReference; lastKnownFileType = sourcecode.swift; path = UserProfileView.swift; sourceTree = "<group>"; };
		2DB09A38241975B20049CD2A /* BluetoothService.swift */ = {isa = PBXFileReference; fileEncoding = 4; lastKnownFileType = sourcecode.swift; path = BluetoothService.swift; sourceTree = "<group>"; };
		2DB09A3A24197A7C0049CD2A /* BluetoothController.swift */ = {isa = PBXFileReference; fileEncoding = 4; lastKnownFileType = sourcecode.swift; path = BluetoothController.swift; sourceTree = "<group>"; };
		2DB09A3C2419873A0049CD2A /* BluetoothService+CoreBluetooth.swift */ = {isa = PBXFileReference; fileEncoding = 4; lastKnownFileType = sourcecode.swift; path = "BluetoothService+CoreBluetooth.swift"; sourceTree = "<group>"; };
		2DDEBF5D241A3468005BE9A8 /* PersistentContainer.swift */ = {isa = PBXFileReference; lastKnownFileType = sourcecode.swift; path = PersistentContainer.swift; sourceTree = "<group>"; };
		2DDEBF5F241A369A005BE9A8 /* UIWindow+ViewControllerUtility.swift */ = {isa = PBXFileReference; fileEncoding = 4; lastKnownFileType = sourcecode.swift; path = "UIWindow+ViewControllerUtility.swift"; sourceTree = "<group>"; };
		2DDEBF62241A3ED0005BE9A8 /* MapView.swift */ = {isa = PBXFileReference; fileEncoding = 4; lastKnownFileType = sourcecode.swift; path = MapView.swift; sourceTree = "<group>"; };
		2DFDC59F24190AB700B108F8 /* COVID-19 Risk.app */ = {isa = PBXFileReference; explicitFileType = wrapper.application; includeInIndex = 0; path = "COVID-19 Risk.app"; sourceTree = BUILT_PRODUCTS_DIR; };
		2DFDC5A224190AB800B108F8 /* AppDelegate.swift */ = {isa = PBXFileReference; lastKnownFileType = sourcecode.swift; path = AppDelegate.swift; sourceTree = "<group>"; };
		2DFDC5A424190AB800B108F8 /* SceneDelegate.swift */ = {isa = PBXFileReference; lastKnownFileType = sourcecode.swift; path = SceneDelegate.swift; sourceTree = "<group>"; };
		2DFDC5A724190AB800B108F8 /* COVID_19_Risk.xcdatamodel */ = {isa = PBXFileReference; lastKnownFileType = wrapper.xcdatamodel; path = COVID_19_Risk.xcdatamodel; sourceTree = "<group>"; };
		2DFDC5A924190AB800B108F8 /* ContentView.swift */ = {isa = PBXFileReference; lastKnownFileType = sourcecode.swift; path = ContentView.swift; sourceTree = "<group>"; };
		2DFDC5AB24190AB900B108F8 /* Assets.xcassets */ = {isa = PBXFileReference; lastKnownFileType = folder.assetcatalog; path = Assets.xcassets; sourceTree = "<group>"; };
		2DFDC5AE24190AB900B108F8 /* Preview Assets.xcassets */ = {isa = PBXFileReference; lastKnownFileType = folder.assetcatalog; path = "Preview Assets.xcassets"; sourceTree = "<group>"; };
		2DFDC5B124190AB900B108F8 /* Base */ = {isa = PBXFileReference; lastKnownFileType = file.storyboard; name = Base; path = Base.lproj/LaunchScreen.storyboard; sourceTree = "<group>"; };
		2DFDC5B324190AB900B108F8 /* Info.plist */ = {isa = PBXFileReference; lastKnownFileType = text.plist.xml; path = Info.plist; sourceTree = "<group>"; };
		2DFDC5B824190ABA00B108F8 /* COVID-19 RiskTests.xctest */ = {isa = PBXFileReference; explicitFileType = wrapper.cfbundle; includeInIndex = 0; path = "COVID-19 RiskTests.xctest"; sourceTree = BUILT_PRODUCTS_DIR; };
		2DFDC5BC24190ABA00B108F8 /* COVID_19_RiskTests.swift */ = {isa = PBXFileReference; lastKnownFileType = sourcecode.swift; path = COVID_19_RiskTests.swift; sourceTree = "<group>"; };
		2DFDC5BE24190ABA00B108F8 /* Info.plist */ = {isa = PBXFileReference; lastKnownFileType = text.plist.xml; path = Info.plist; sourceTree = "<group>"; };
		2DFDC5C324190ABA00B108F8 /* COVID-19 RiskUITests.xctest */ = {isa = PBXFileReference; explicitFileType = wrapper.cfbundle; includeInIndex = 0; path = "COVID-19 RiskUITests.xctest"; sourceTree = BUILT_PRODUCTS_DIR; };
		2DFDC5C724190ABA00B108F8 /* COVID_19_RiskUITests.swift */ = {isa = PBXFileReference; lastKnownFileType = sourcecode.swift; path = COVID_19_RiskUITests.swift; sourceTree = "<group>"; };
		2DFDC5C924190ABA00B108F8 /* Info.plist */ = {isa = PBXFileReference; lastKnownFileType = text.plist.xml; path = Info.plist; sourceTree = "<group>"; };
		2DFDC5DF2419200E00B108F8 /* ContactEventList.swift */ = {isa = PBXFileReference; lastKnownFileType = sourcecode.swift; path = ContactEventList.swift; sourceTree = "<group>"; };
/* End PBXFileReference section */

/* Begin PBXFrameworksBuildPhase section */
		2DFDC59C24190AB700B108F8 /* Frameworks */ = {
			isa = PBXFrameworksBuildPhase;
			buildActionMask = 2147483647;
			files = (
				2DB09A40241A098F0049CD2A /* BerkananFoundation in Frameworks */,
			);
			runOnlyForDeploymentPostprocessing = 0;
		};
		2DFDC5B524190ABA00B108F8 /* Frameworks */ = {
			isa = PBXFrameworksBuildPhase;
			buildActionMask = 2147483647;
			files = (
			);
			runOnlyForDeploymentPostprocessing = 0;
		};
		2DFDC5C024190ABA00B108F8 /* Frameworks */ = {
			isa = PBXFrameworksBuildPhase;
			buildActionMask = 2147483647;
			files = (
			);
			runOnlyForDeploymentPostprocessing = 0;
		};
/* End PBXFrameworksBuildPhase section */

/* Begin PBXGroup section */
		2D044469241A229E006B61E4 /* Data */ = {
			isa = PBXGroup;
			children = (
				2DA5B2C0241A55BE0075B2B4 /* UserData.swift */,
				2DDEBF5D241A3468005BE9A8 /* PersistentContainer.swift */,
			);
			path = Data;
			sourceTree = "<group>";
		};
		2DB09A37241965FF0049CD2A /* Bluetooth */ = {
			isa = PBXGroup;
			children = (
				2DB09A38241975B20049CD2A /* BluetoothService.swift */,
				2DB09A3A24197A7C0049CD2A /* BluetoothController.swift */,
				2DB09A3C2419873A0049CD2A /* BluetoothService+CoreBluetooth.swift */,
			);
			path = Bluetooth;
			sourceTree = "<group>";
		};
		2DDEBF61241A39EE005BE9A8 /* Utility */ = {
			isa = PBXGroup;
			children = (
				2DDEBF5F241A369A005BE9A8 /* UIWindow+ViewControllerUtility.swift */,
				2DA5B2C2241A55EE0075B2B4 /* UserDefaultPropertyWrapper.swift */,
			);
			path = Utility;
			sourceTree = "<group>";
		};
		2DFDC59624190AB700B108F8 = {
			isa = PBXGroup;
			children = (
				2DFDC5A124190AB700B108F8 /* COVID-19 Risk */,
				2DFDC5BB24190ABA00B108F8 /* COVID-19 RiskTests */,
				2DFDC5C624190ABA00B108F8 /* COVID-19 RiskUITests */,
				2DFDC5A024190AB700B108F8 /* Products */,
			);
			sourceTree = "<group>";
		};
		2DFDC5A024190AB700B108F8 /* Products */ = {
			isa = PBXGroup;
			children = (
				2DFDC59F24190AB700B108F8 /* COVID-19 Risk.app */,
				2DFDC5B824190ABA00B108F8 /* COVID-19 RiskTests.xctest */,
				2DFDC5C324190ABA00B108F8 /* COVID-19 RiskUITests.xctest */,
			);
			name = Products;
			sourceTree = "<group>";
		};
		2DFDC5A124190AB700B108F8 /* COVID-19 Risk */ = {
			isa = PBXGroup;
			children = (
				2DFDC5A224190AB800B108F8 /* AppDelegate.swift */,
				2DFDC5A424190AB800B108F8 /* SceneDelegate.swift */,
				2DB09A37241965FF0049CD2A /* Bluetooth */,
				2DDEBF61241A39EE005BE9A8 /* Utility */,
				2DFDC5E12419218500B108F8 /* Views */,
				2D044469241A229E006B61E4 /* Data */,
				2DFDC5AB24190AB900B108F8 /* Assets.xcassets */,
				2DFDC5B024190AB900B108F8 /* LaunchScreen.storyboard */,
				2DFDC5B324190AB900B108F8 /* Info.plist */,
				2DFDC5A624190AB800B108F8 /* COVID_19_Risk.xcdatamodeld */,
				2DFDC5AD24190AB900B108F8 /* Preview Content */,
			);
			path = "COVID-19 Risk";
			sourceTree = "<group>";
		};
		2DFDC5AD24190AB900B108F8 /* Preview Content */ = {
			isa = PBXGroup;
			children = (
				2DFDC5AE24190AB900B108F8 /* Preview Assets.xcassets */,
			);
			path = "Preview Content";
			sourceTree = "<group>";
		};
		2DFDC5BB24190ABA00B108F8 /* COVID-19 RiskTests */ = {
			isa = PBXGroup;
			children = (
				2DFDC5BC24190ABA00B108F8 /* COVID_19_RiskTests.swift */,
				2DFDC5BE24190ABA00B108F8 /* Info.plist */,
			);
			path = "COVID-19 RiskTests";
			sourceTree = "<group>";
		};
		2DFDC5C624190ABA00B108F8 /* COVID-19 RiskUITests */ = {
			isa = PBXGroup;
			children = (
				2DFDC5C724190ABA00B108F8 /* COVID_19_RiskUITests.swift */,
				2DFDC5C924190ABA00B108F8 /* Info.plist */,
			);
			path = "COVID-19 RiskUITests";
			sourceTree = "<group>";
		};
		2DFDC5E12419218500B108F8 /* Views */ = {
			isa = PBXGroup;
			children = (
				2DDEBF62241A3ED0005BE9A8 /* MapView.swift */,
				2DFDC5A924190AB800B108F8 /* ContentView.swift */,
				2DFDC5DF2419200E00B108F8 /* ContactEventList.swift */,
				2DB09A33241959880049CD2A /* ContactEventRow.swift */,
				2DB09A352419639B0049CD2A /* UserProfileView.swift */,
			);
			path = Views;
			sourceTree = "<group>";
		};
/* End PBXGroup section */

/* Begin PBXNativeTarget section */
		2DFDC59E24190AB700B108F8 /* COVID-19 Risk */ = {
			isa = PBXNativeTarget;
			buildConfigurationList = 2DFDC5CC24190ABA00B108F8 /* Build configuration list for PBXNativeTarget "COVID-19 Risk" */;
			buildPhases = (
				2DFDC59B24190AB700B108F8 /* Sources */,
				2DFDC59C24190AB700B108F8 /* Frameworks */,
				2DFDC59D24190AB700B108F8 /* Resources */,
			);
			buildRules = (
			);
			dependencies = (
			);
			name = "COVID-19 Risk";
			packageProductDependencies = (
				2DB09A3F241A098F0049CD2A /* BerkananFoundation */,
			);
			productName = "COVID-19 Risk";
			productReference = 2DFDC59F24190AB700B108F8 /* COVID-19 Risk.app */;
			productType = "com.apple.product-type.application";
		};
		2DFDC5B724190ABA00B108F8 /* COVID-19 RiskTests */ = {
			isa = PBXNativeTarget;
			buildConfigurationList = 2DFDC5CF24190ABA00B108F8 /* Build configuration list for PBXNativeTarget "COVID-19 RiskTests" */;
			buildPhases = (
				2DFDC5B424190ABA00B108F8 /* Sources */,
				2DFDC5B524190ABA00B108F8 /* Frameworks */,
				2DFDC5B624190ABA00B108F8 /* Resources */,
			);
			buildRules = (
			);
			dependencies = (
				2DFDC5BA24190ABA00B108F8 /* PBXTargetDependency */,
			);
			name = "COVID-19 RiskTests";
			productName = "COVID-19 RiskTests";
			productReference = 2DFDC5B824190ABA00B108F8 /* COVID-19 RiskTests.xctest */;
			productType = "com.apple.product-type.bundle.unit-test";
		};
		2DFDC5C224190ABA00B108F8 /* COVID-19 RiskUITests */ = {
			isa = PBXNativeTarget;
			buildConfigurationList = 2DFDC5D224190ABA00B108F8 /* Build configuration list for PBXNativeTarget "COVID-19 RiskUITests" */;
			buildPhases = (
				2DFDC5BF24190ABA00B108F8 /* Sources */,
				2DFDC5C024190ABA00B108F8 /* Frameworks */,
				2DFDC5C124190ABA00B108F8 /* Resources */,
			);
			buildRules = (
			);
			dependencies = (
				2DFDC5C524190ABA00B108F8 /* PBXTargetDependency */,
			);
			name = "COVID-19 RiskUITests";
			productName = "COVID-19 RiskUITests";
			productReference = 2DFDC5C324190ABA00B108F8 /* COVID-19 RiskUITests.xctest */;
			productType = "com.apple.product-type.bundle.ui-testing";
		};
/* End PBXNativeTarget section */

/* Begin PBXProject section */
		2DFDC59724190AB700B108F8 /* Project object */ = {
			isa = PBXProject;
			attributes = {
				LastSwiftUpdateCheck = 1130;
				LastUpgradeCheck = 1130;
				ORGANIZATIONNAME = IZE;
				TargetAttributes = {
					2DFDC59E24190AB700B108F8 = {
						CreatedOnToolsVersion = 11.3.1;
					};
					2DFDC5B724190ABA00B108F8 = {
						CreatedOnToolsVersion = 11.3.1;
						TestTargetID = 2DFDC59E24190AB700B108F8;
					};
					2DFDC5C224190ABA00B108F8 = {
						CreatedOnToolsVersion = 11.3.1;
						TestTargetID = 2DFDC59E24190AB700B108F8;
					};
				};
			};
			buildConfigurationList = 2DFDC59A24190AB700B108F8 /* Build configuration list for PBXProject "COVID-19 Risk" */;
			compatibilityVersion = "Xcode 9.3";
			developmentRegion = en;
			hasScannedForEncodings = 0;
			knownRegions = (
				en,
				Base,
			);
			mainGroup = 2DFDC59624190AB700B108F8;
			packageReferences = (
				2DB09A3E241A098F0049CD2A /* XCRemoteSwiftPackageReference "BerkananFoundation" */,
			);
			productRefGroup = 2DFDC5A024190AB700B108F8 /* Products */;
			projectDirPath = "";
			projectRoot = "";
			targets = (
				2DFDC59E24190AB700B108F8 /* COVID-19 Risk */,
				2DFDC5B724190ABA00B108F8 /* COVID-19 RiskTests */,
				2DFDC5C224190ABA00B108F8 /* COVID-19 RiskUITests */,
			);
		};
/* End PBXProject section */

/* Begin PBXResourcesBuildPhase section */
		2DFDC59D24190AB700B108F8 /* Resources */ = {
			isa = PBXResourcesBuildPhase;
			buildActionMask = 2147483647;
			files = (
				2DFDC5B224190AB900B108F8 /* LaunchScreen.storyboard in Resources */,
				2DFDC5AF24190AB900B108F8 /* Preview Assets.xcassets in Resources */,
				2DFDC5AC24190AB900B108F8 /* Assets.xcassets in Resources */,
			);
			runOnlyForDeploymentPostprocessing = 0;
		};
		2DFDC5B624190ABA00B108F8 /* Resources */ = {
			isa = PBXResourcesBuildPhase;
			buildActionMask = 2147483647;
			files = (
			);
			runOnlyForDeploymentPostprocessing = 0;
		};
		2DFDC5C124190ABA00B108F8 /* Resources */ = {
			isa = PBXResourcesBuildPhase;
			buildActionMask = 2147483647;
			files = (
			);
			runOnlyForDeploymentPostprocessing = 0;
		};
/* End PBXResourcesBuildPhase section */

/* Begin PBXSourcesBuildPhase section */
		2DFDC59B24190AB700B108F8 /* Sources */ = {
			isa = PBXSourcesBuildPhase;
			buildActionMask = 2147483647;
			files = (
				2DB09A3D2419873A0049CD2A /* BluetoothService+CoreBluetooth.swift in Sources */,
				2DA5B2C3241A55EE0075B2B4 /* UserDefaultPropertyWrapper.swift in Sources */,
				2DFDC5A824190AB800B108F8 /* COVID_19_Risk.xcdatamodeld in Sources */,
				2DA5B2C1241A55BE0075B2B4 /* UserData.swift in Sources */,
				2DFDC5A324190AB800B108F8 /* AppDelegate.swift in Sources */,
				2DB09A362419639B0049CD2A /* UserProfileView.swift in Sources */,
				2DDEBF63241A3ED0005BE9A8 /* MapView.swift in Sources */,
				2DB09A34241959880049CD2A /* ContactEventRow.swift in Sources */,
				2DFDC5AA24190AB800B108F8 /* ContentView.swift in Sources */,
				2DFDC5A524190AB800B108F8 /* SceneDelegate.swift in Sources */,
				2DDEBF5E241A3468005BE9A8 /* PersistentContainer.swift in Sources */,
				2DB09A39241975B20049CD2A /* BluetoothService.swift in Sources */,
				2DB09A3B24197A7C0049CD2A /* BluetoothController.swift in Sources */,
				2DDEBF60241A369B005BE9A8 /* UIWindow+ViewControllerUtility.swift in Sources */,
				2DFDC5E02419200E00B108F8 /* ContactEventList.swift in Sources */,
			);
			runOnlyForDeploymentPostprocessing = 0;
		};
		2DFDC5B424190ABA00B108F8 /* Sources */ = {
			isa = PBXSourcesBuildPhase;
			buildActionMask = 2147483647;
			files = (
				2DFDC5BD24190ABA00B108F8 /* COVID_19_RiskTests.swift in Sources */,
			);
			runOnlyForDeploymentPostprocessing = 0;
		};
		2DFDC5BF24190ABA00B108F8 /* Sources */ = {
			isa = PBXSourcesBuildPhase;
			buildActionMask = 2147483647;
			files = (
				2DFDC5C824190ABA00B108F8 /* COVID_19_RiskUITests.swift in Sources */,
			);
			runOnlyForDeploymentPostprocessing = 0;
		};
/* End PBXSourcesBuildPhase section */

/* Begin PBXTargetDependency section */
		2DFDC5BA24190ABA00B108F8 /* PBXTargetDependency */ = {
			isa = PBXTargetDependency;
			target = 2DFDC59E24190AB700B108F8 /* COVID-19 Risk */;
			targetProxy = 2DFDC5B924190ABA00B108F8 /* PBXContainerItemProxy */;
		};
		2DFDC5C524190ABA00B108F8 /* PBXTargetDependency */ = {
			isa = PBXTargetDependency;
			target = 2DFDC59E24190AB700B108F8 /* COVID-19 Risk */;
			targetProxy = 2DFDC5C424190ABA00B108F8 /* PBXContainerItemProxy */;
		};
/* End PBXTargetDependency section */

/* Begin PBXVariantGroup section */
		2DFDC5B024190AB900B108F8 /* LaunchScreen.storyboard */ = {
			isa = PBXVariantGroup;
			children = (
				2DFDC5B124190AB900B108F8 /* Base */,
			);
			name = LaunchScreen.storyboard;
			sourceTree = "<group>";
		};
/* End PBXVariantGroup section */

/* Begin XCBuildConfiguration section */
		2DFDC5CA24190ABA00B108F8 /* Debug */ = {
			isa = XCBuildConfiguration;
			buildSettings = {
				ALWAYS_SEARCH_USER_PATHS = NO;
				CLANG_ANALYZER_NONNULL = YES;
				CLANG_ANALYZER_NUMBER_OBJECT_CONVERSION = YES_AGGRESSIVE;
				CLANG_CXX_LANGUAGE_STANDARD = "gnu++14";
				CLANG_CXX_LIBRARY = "libc++";
				CLANG_ENABLE_MODULES = YES;
				CLANG_ENABLE_OBJC_ARC = YES;
				CLANG_ENABLE_OBJC_WEAK = YES;
				CLANG_WARN_BLOCK_CAPTURE_AUTORELEASING = YES;
				CLANG_WARN_BOOL_CONVERSION = YES;
				CLANG_WARN_COMMA = YES;
				CLANG_WARN_CONSTANT_CONVERSION = YES;
				CLANG_WARN_DEPRECATED_OBJC_IMPLEMENTATIONS = YES;
				CLANG_WARN_DIRECT_OBJC_ISA_USAGE = YES_ERROR;
				CLANG_WARN_DOCUMENTATION_COMMENTS = YES;
				CLANG_WARN_EMPTY_BODY = YES;
				CLANG_WARN_ENUM_CONVERSION = YES;
				CLANG_WARN_INFINITE_RECURSION = YES;
				CLANG_WARN_INT_CONVERSION = YES;
				CLANG_WARN_NON_LITERAL_NULL_CONVERSION = YES;
				CLANG_WARN_OBJC_IMPLICIT_RETAIN_SELF = YES;
				CLANG_WARN_OBJC_LITERAL_CONVERSION = YES;
				CLANG_WARN_OBJC_ROOT_CLASS = YES_ERROR;
				CLANG_WARN_RANGE_LOOP_ANALYSIS = YES;
				CLANG_WARN_STRICT_PROTOTYPES = YES;
				CLANG_WARN_SUSPICIOUS_MOVE = YES;
				CLANG_WARN_UNGUARDED_AVAILABILITY = YES_AGGRESSIVE;
				CLANG_WARN_UNREACHABLE_CODE = YES;
				CLANG_WARN__DUPLICATE_METHOD_MATCH = YES;
				COPY_PHASE_STRIP = NO;
				DEBUG_INFORMATION_FORMAT = dwarf;
				ENABLE_STRICT_OBJC_MSGSEND = YES;
				ENABLE_TESTABILITY = YES;
				GCC_C_LANGUAGE_STANDARD = gnu11;
				GCC_DYNAMIC_NO_PIC = NO;
				GCC_NO_COMMON_BLOCKS = YES;
				GCC_OPTIMIZATION_LEVEL = 0;
				GCC_PREPROCESSOR_DEFINITIONS = (
					"DEBUG=1",
					"$(inherited)",
				);
				GCC_WARN_64_TO_32_BIT_CONVERSION = YES;
				GCC_WARN_ABOUT_RETURN_TYPE = YES_ERROR;
				GCC_WARN_UNDECLARED_SELECTOR = YES;
				GCC_WARN_UNINITIALIZED_AUTOS = YES_AGGRESSIVE;
				GCC_WARN_UNUSED_FUNCTION = YES;
				GCC_WARN_UNUSED_VARIABLE = YES;
				IPHONEOS_DEPLOYMENT_TARGET = 13.2;
				MTL_ENABLE_DEBUG_INFO = INCLUDE_SOURCE;
				MTL_FAST_MATH = YES;
				ONLY_ACTIVE_ARCH = YES;
				SDKROOT = iphoneos;
				SWIFT_ACTIVE_COMPILATION_CONDITIONS = DEBUG;
				SWIFT_OPTIMIZATION_LEVEL = "-Onone";
			};
			name = Debug;
		};
		2DFDC5CB24190ABA00B108F8 /* Release */ = {
			isa = XCBuildConfiguration;
			buildSettings = {
				ALWAYS_SEARCH_USER_PATHS = NO;
				CLANG_ANALYZER_NONNULL = YES;
				CLANG_ANALYZER_NUMBER_OBJECT_CONVERSION = YES_AGGRESSIVE;
				CLANG_CXX_LANGUAGE_STANDARD = "gnu++14";
				CLANG_CXX_LIBRARY = "libc++";
				CLANG_ENABLE_MODULES = YES;
				CLANG_ENABLE_OBJC_ARC = YES;
				CLANG_ENABLE_OBJC_WEAK = YES;
				CLANG_WARN_BLOCK_CAPTURE_AUTORELEASING = YES;
				CLANG_WARN_BOOL_CONVERSION = YES;
				CLANG_WARN_COMMA = YES;
				CLANG_WARN_CONSTANT_CONVERSION = YES;
				CLANG_WARN_DEPRECATED_OBJC_IMPLEMENTATIONS = YES;
				CLANG_WARN_DIRECT_OBJC_ISA_USAGE = YES_ERROR;
				CLANG_WARN_DOCUMENTATION_COMMENTS = YES;
				CLANG_WARN_EMPTY_BODY = YES;
				CLANG_WARN_ENUM_CONVERSION = YES;
				CLANG_WARN_INFINITE_RECURSION = YES;
				CLANG_WARN_INT_CONVERSION = YES;
				CLANG_WARN_NON_LITERAL_NULL_CONVERSION = YES;
				CLANG_WARN_OBJC_IMPLICIT_RETAIN_SELF = YES;
				CLANG_WARN_OBJC_LITERAL_CONVERSION = YES;
				CLANG_WARN_OBJC_ROOT_CLASS = YES_ERROR;
				CLANG_WARN_RANGE_LOOP_ANALYSIS = YES;
				CLANG_WARN_STRICT_PROTOTYPES = YES;
				CLANG_WARN_SUSPICIOUS_MOVE = YES;
				CLANG_WARN_UNGUARDED_AVAILABILITY = YES_AGGRESSIVE;
				CLANG_WARN_UNREACHABLE_CODE = YES;
				CLANG_WARN__DUPLICATE_METHOD_MATCH = YES;
				COPY_PHASE_STRIP = NO;
				DEBUG_INFORMATION_FORMAT = "dwarf-with-dsym";
				ENABLE_NS_ASSERTIONS = NO;
				ENABLE_STRICT_OBJC_MSGSEND = YES;
				GCC_C_LANGUAGE_STANDARD = gnu11;
				GCC_NO_COMMON_BLOCKS = YES;
				GCC_WARN_64_TO_32_BIT_CONVERSION = YES;
				GCC_WARN_ABOUT_RETURN_TYPE = YES_ERROR;
				GCC_WARN_UNDECLARED_SELECTOR = YES;
				GCC_WARN_UNINITIALIZED_AUTOS = YES_AGGRESSIVE;
				GCC_WARN_UNUSED_FUNCTION = YES;
				GCC_WARN_UNUSED_VARIABLE = YES;
				IPHONEOS_DEPLOYMENT_TARGET = 13.2;
				MTL_ENABLE_DEBUG_INFO = NO;
				MTL_FAST_MATH = YES;
				SDKROOT = iphoneos;
				SWIFT_COMPILATION_MODE = wholemodule;
				SWIFT_OPTIMIZATION_LEVEL = "-O";
				VALIDATE_PRODUCT = YES;
			};
			name = Release;
		};
		2DFDC5CD24190ABA00B108F8 /* Debug */ = {
			isa = XCBuildConfiguration;
			buildSettings = {
				ASSETCATALOG_COMPILER_APPICON_NAME = AppIcon;
				CODE_SIGN_STYLE = Automatic;
				DEVELOPMENT_ASSET_PATHS = "\"COVID-19 Risk/Preview Content\"";
				DEVELOPMENT_TEAM = S647QX78WZ;
				ENABLE_PREVIEWS = YES;
				INFOPLIST_FILE = "COVID-19 Risk/Info.plist";
				IPHONEOS_DEPLOYMENT_TARGET = 13.0;
				LD_RUNPATH_SEARCH_PATHS = (
					"$(inherited)",
					"@executable_path/Frameworks",
				);
				PRODUCT_BUNDLE_IDENTIFIER = "company.ize.COVID-19-Risk";
				PRODUCT_NAME = "$(TARGET_NAME)";
				SWIFT_VERSION = 5.0;
				TARGETED_DEVICE_FAMILY = "1,2";
			};
			name = Debug;
		};
		2DFDC5CE24190ABA00B108F8 /* Release */ = {
			isa = XCBuildConfiguration;
			buildSettings = {
				ASSETCATALOG_COMPILER_APPICON_NAME = AppIcon;
				CODE_SIGN_STYLE = Automatic;
				DEVELOPMENT_ASSET_PATHS = "\"COVID-19 Risk/Preview Content\"";
				DEVELOPMENT_TEAM = S647QX78WZ;
				ENABLE_PREVIEWS = YES;
				INFOPLIST_FILE = "COVID-19 Risk/Info.plist";
				IPHONEOS_DEPLOYMENT_TARGET = 13.0;
				LD_RUNPATH_SEARCH_PATHS = (
					"$(inherited)",
					"@executable_path/Frameworks",
				);
				PRODUCT_BUNDLE_IDENTIFIER = "company.ize.COVID-19-Risk";
				PRODUCT_NAME = "$(TARGET_NAME)";
				SWIFT_VERSION = 5.0;
				TARGETED_DEVICE_FAMILY = "1,2";
			};
			name = Release;
		};
		2DFDC5D024190ABA00B108F8 /* Debug */ = {
			isa = XCBuildConfiguration;
			buildSettings = {
				ALWAYS_EMBED_SWIFT_STANDARD_LIBRARIES = YES;
				BUNDLE_LOADER = "$(TEST_HOST)";
				CODE_SIGN_STYLE = Automatic;
				DEVELOPMENT_TEAM = S647QX78WZ;
				INFOPLIST_FILE = "COVID-19 RiskTests/Info.plist";
				IPHONEOS_DEPLOYMENT_TARGET = 13.2;
				LD_RUNPATH_SEARCH_PATHS = (
					"$(inherited)",
					"@executable_path/Frameworks",
					"@loader_path/Frameworks",
				);
				PRODUCT_BUNDLE_IDENTIFIER = "company.ize.COVID-19-RiskTests";
				PRODUCT_NAME = "$(TARGET_NAME)";
				SWIFT_VERSION = 5.0;
				TARGETED_DEVICE_FAMILY = "1,2";
				TEST_HOST = "$(BUILT_PRODUCTS_DIR)/COVID-19 Risk.app/COVID-19 Risk";
			};
			name = Debug;
		};
		2DFDC5D124190ABA00B108F8 /* Release */ = {
			isa = XCBuildConfiguration;
			buildSettings = {
				ALWAYS_EMBED_SWIFT_STANDARD_LIBRARIES = YES;
				BUNDLE_LOADER = "$(TEST_HOST)";
				CODE_SIGN_STYLE = Automatic;
				DEVELOPMENT_TEAM = S647QX78WZ;
				INFOPLIST_FILE = "COVID-19 RiskTests/Info.plist";
				IPHONEOS_DEPLOYMENT_TARGET = 13.2;
				LD_RUNPATH_SEARCH_PATHS = (
					"$(inherited)",
					"@executable_path/Frameworks",
					"@loader_path/Frameworks",
				);
				PRODUCT_BUNDLE_IDENTIFIER = "company.ize.COVID-19-RiskTests";
				PRODUCT_NAME = "$(TARGET_NAME)";
				SWIFT_VERSION = 5.0;
				TARGETED_DEVICE_FAMILY = "1,2";
				TEST_HOST = "$(BUILT_PRODUCTS_DIR)/COVID-19 Risk.app/COVID-19 Risk";
			};
			name = Release;
		};
		2DFDC5D324190ABA00B108F8 /* Debug */ = {
			isa = XCBuildConfiguration;
			buildSettings = {
				ALWAYS_EMBED_SWIFT_STANDARD_LIBRARIES = YES;
				CODE_SIGN_STYLE = Automatic;
				DEVELOPMENT_TEAM = S647QX78WZ;
				INFOPLIST_FILE = "COVID-19 RiskUITests/Info.plist";
				LD_RUNPATH_SEARCH_PATHS = (
					"$(inherited)",
					"@executable_path/Frameworks",
					"@loader_path/Frameworks",
				);
				PRODUCT_BUNDLE_IDENTIFIER = "company.ize.COVID-19-RiskUITests";
				PRODUCT_NAME = "$(TARGET_NAME)";
				SWIFT_VERSION = 5.0;
				TARGETED_DEVICE_FAMILY = "1,2";
				TEST_TARGET_NAME = "COVID-19 Risk";
			};
			name = Debug;
		};
		2DFDC5D424190ABA00B108F8 /* Release */ = {
			isa = XCBuildConfiguration;
			buildSettings = {
				ALWAYS_EMBED_SWIFT_STANDARD_LIBRARIES = YES;
				CODE_SIGN_STYLE = Automatic;
				DEVELOPMENT_TEAM = S647QX78WZ;
				INFOPLIST_FILE = "COVID-19 RiskUITests/Info.plist";
				LD_RUNPATH_SEARCH_PATHS = (
					"$(inherited)",
					"@executable_path/Frameworks",
					"@loader_path/Frameworks",
				);
				PRODUCT_BUNDLE_IDENTIFIER = "company.ize.COVID-19-RiskUITests";
				PRODUCT_NAME = "$(TARGET_NAME)";
				SWIFT_VERSION = 5.0;
				TARGETED_DEVICE_FAMILY = "1,2";
				TEST_TARGET_NAME = "COVID-19 Risk";
			};
			name = Release;
		};
/* End XCBuildConfiguration section */

/* Begin XCConfigurationList section */
		2DFDC59A24190AB700B108F8 /* Build configuration list for PBXProject "COVID-19 Risk" */ = {
			isa = XCConfigurationList;
			buildConfigurations = (
				2DFDC5CA24190ABA00B108F8 /* Debug */,
				2DFDC5CB24190ABA00B108F8 /* Release */,
			);
			defaultConfigurationIsVisible = 0;
			defaultConfigurationName = Release;
		};
		2DFDC5CC24190ABA00B108F8 /* Build configuration list for PBXNativeTarget "COVID-19 Risk" */ = {
			isa = XCConfigurationList;
			buildConfigurations = (
				2DFDC5CD24190ABA00B108F8 /* Debug */,
				2DFDC5CE24190ABA00B108F8 /* Release */,
			);
			defaultConfigurationIsVisible = 0;
			defaultConfigurationName = Release;
		};
		2DFDC5CF24190ABA00B108F8 /* Build configuration list for PBXNativeTarget "COVID-19 RiskTests" */ = {
			isa = XCConfigurationList;
			buildConfigurations = (
				2DFDC5D024190ABA00B108F8 /* Debug */,
				2DFDC5D124190ABA00B108F8 /* Release */,
			);
			defaultConfigurationIsVisible = 0;
			defaultConfigurationName = Release;
		};
		2DFDC5D224190ABA00B108F8 /* Build configuration list for PBXNativeTarget "COVID-19 RiskUITests" */ = {
			isa = XCConfigurationList;
			buildConfigurations = (
				2DFDC5D324190ABA00B108F8 /* Debug */,
				2DFDC5D424190ABA00B108F8 /* Release */,
			);
			defaultConfigurationIsVisible = 0;
			defaultConfigurationName = Release;
		};
/* End XCConfigurationList section */

/* Begin XCRemoteSwiftPackageReference section */
		2DB09A3E241A098F0049CD2A /* XCRemoteSwiftPackageReference "BerkananFoundation" */ = {
			isa = XCRemoteSwiftPackageReference;
			repositoryURL = "https://github.com/zssz/BerkananFoundation";
			requirement = {
				kind = upToNextMajorVersion;
				minimumVersion = 1.0.0;
			};
		};
/* End XCRemoteSwiftPackageReference section */

/* Begin XCSwiftPackageProductDependency section */
		2DB09A3F241A098F0049CD2A /* BerkananFoundation */ = {
			isa = XCSwiftPackageProductDependency;
			package = 2DB09A3E241A098F0049CD2A /* XCRemoteSwiftPackageReference "BerkananFoundation" */;
			productName = BerkananFoundation;
		};
/* End XCSwiftPackageProductDependency section */

/* Begin XCVersionGroup section */
		2DFDC5A624190AB800B108F8 /* COVID_19_Risk.xcdatamodeld */ = {
			isa = XCVersionGroup;
			children = (
				2DFDC5A724190AB800B108F8 /* COVID_19_Risk.xcdatamodel */,
			);
			currentVersion = 2DFDC5A724190AB800B108F8 /* COVID_19_Risk.xcdatamodel */;
			path = COVID_19_Risk.xcdatamodeld;
			sourceTree = "<group>";
			versionGroupType = wrapper.xcdatamodel;
		};
/* End XCVersionGroup section */
	};
	rootObject = 2DFDC59724190AB700B108F8 /* Project object */;
}
