// !$*UTF8*$!
{
	archiveVersion = 1;
	classes = {
	};
	objectVersion = 52;
	objects = {

/* Begin PBXBuildFile section */
		1F9258FA245258E30025C1B0 /* OnboardingFlow.swift in Sources */ = {isa = PBXBuildFile; fileRef = 2EFE68E2244E8F7F003D1E48 /* OnboardingFlow.swift */; };
		1F9258FB245258E60025C1B0 /* Springboard.swift in Sources */ = {isa = PBXBuildFile; fileRef = 2E48145B244F6E020025EA9B /* Springboard.swift */; };
		2D14F7BF2452D62B00C02C0D /* CurrentUserExposureNotifier.swift in Sources */ = {isa = PBXBuildFile; fileRef = 2D14F7BE2452D62B00C02C0D /* CurrentUserExposureNotifier.swift */; };
		2D30EFC3242268040063C211 /* Array+Chunked.swift in Sources */ = {isa = PBXBuildFile; fileRef = 2D30EFC2242268010063C211 /* Array+Chunked.swift */; };
		2D5C5411241CB6FF00DB2520 /* UserDefaults+Shared.swift in Sources */ = {isa = PBXBuildFile; fileRef = 2D5C5410241CB6FE00DB2520 /* UserDefaults+Shared.swift */; };
		2D5D61BA2451F95B009F5AF1 /* CovidWatch.xcdatamodeld in Sources */ = {isa = PBXBuildFile; fileRef = 2D5D61B82451F95A009F5AF1 /* CovidWatch.xcdatamodeld */; };
		2D6655B4242E605000B462E0 /* GoogleService-Info.plist in Resources */ = {isa = PBXBuildFile; fileRef = 2D6655B3242E605000B462E0 /* GoogleService-Info.plist */; };
		2D667D802451AB0C0071C353 /* BuildFile in Frameworks */ = {isa = PBXBuildFile; productRef = 2D667D7F2451AB0C0071C353 /* SwiftPackageProductDependency */; };
		2D667D822451AE3E0071C353 /* AppDelegate+TCN.swift in Sources */ = {isa = PBXBuildFile; fileRef = 2D667D812451AE3D0071C353 /* AppDelegate+TCN.swift */; };
		2D667D872451AE610071C353 /* KeyStoreError.swift in Sources */ = {isa = PBXBuildFile; fileRef = 2D667D842451AE610071C353 /* KeyStoreError.swift */; };
		2D667D882451AE610071C353 /* GenericPasswordStore.swift in Sources */ = {isa = PBXBuildFile; fileRef = 2D667D852451AE610071C353 /* GenericPasswordStore.swift */; };
		2D667D892451AE610071C353 /* GenericPasswordConvertible.swift in Sources */ = {isa = PBXBuildFile; fileRef = 2D667D862451AE610071C353 /* GenericPasswordConvertible.swift */; };
		2D667D8B2451AEA20071C353 /* OSLog+Additions.swift in Sources */ = {isa = PBXBuildFile; fileRef = 2D667D8A2451AEA20071C353 /* OSLog+Additions.swift */; };
		2D667D8D2451AEC90071C353 /* SignedReportsUploader.swift in Sources */ = {isa = PBXBuildFile; fileRef = 2D667D8C2451AEC90071C353 /* SignedReportsUploader.swift */; };
		2D667D8F2451AED20071C353 /* SignedReportsDownloadOperation.swift in Sources */ = {isa = PBXBuildFile; fileRef = 2D667D8E2451AED20071C353 /* SignedReportsDownloadOperation.swift */; };
		2D667D912451AF870071C353 /* SignedReport+TCN.swift in Sources */ = {isa = PBXBuildFile; fileRef = 2D667D902451AF870071C353 /* SignedReport+TCN.swift */; };
		2D667D932451AF940071C353 /* TemporaryContactNumber+Additions.swift in Sources */ = {isa = PBXBuildFile; fileRef = 2D667D922451AF940071C353 /* TemporaryContactNumber+Additions.swift */; };
		2D8496F924321A7C00C71BD1 /* FirestoreOperations.swift in Sources */ = {isa = PBXBuildFile; fileRef = 2D8496F824321A7C00C71BD1 /* FirestoreOperations.swift */; };
		2DC231E6241B886C00216404 /* Firestore+Constants.swift in Sources */ = {isa = PBXBuildFile; fileRef = 2DC231E5241B886C00216404 /* Firestore+Constants.swift */; };
		2DC231E8241B914200216404 /* CoreData+Additions.swift in Sources */ = {isa = PBXBuildFile; fileRef = 2DC231E7241B914200216404 /* CoreData+Additions.swift */; };
		2DC231EC241BA17B00216404 /* UIViewController+ErrorPresenting.swift in Sources */ = {isa = PBXBuildFile; fileRef = 2DC231EB241BA17B00216404 /* UIViewController+ErrorPresenting.swift */; };
		2DC231EE241BA27800216404 /* AppDelegate+UserNotificationCenter.swift in Sources */ = {isa = PBXBuildFile; fileRef = 2DC231ED241BA27800216404 /* AppDelegate+UserNotificationCenter.swift */; };
		2DC6439C2431FE2F008F5E4C /* QuerySnapshotProcessingOperation.swift in Sources */ = {isa = PBXBuildFile; fileRef = 2DC6439B2431FE2F008F5E4C /* QuerySnapshotProcessingOperation.swift */; };
		2DDEBF5E241A3468005BE9A8 /* PersistentContainer.swift in Sources */ = {isa = PBXBuildFile; fileRef = 2DDEBF5D241A3468005BE9A8 /* PersistentContainer.swift */; };
		2DDEBF60241A369B005BE9A8 /* UIWindow+ViewControllerUtility.swift in Sources */ = {isa = PBXBuildFile; fileRef = 2DDEBF5F241A369A005BE9A8 /* UIWindow+ViewControllerUtility.swift */; };
		2DF8F3D1243082F7001C88EF /* AppDelegate+BackgroundTasks.swift in Sources */ = {isa = PBXBuildFile; fileRef = 2DF8F3D0243082F7001C88EF /* AppDelegate+BackgroundTasks.swift */; };
		2DF8F3D32430C503001C88EF /* AppDelegate+BackgroundFetch.swift in Sources */ = {isa = PBXBuildFile; fileRef = 2DF8F3D22430C503001C88EF /* AppDelegate+BackgroundFetch.swift */; };
		2DFDC5A324190AB800B108F8 /* AppDelegate.swift in Sources */ = {isa = PBXBuildFile; fileRef = 2DFDC5A224190AB800B108F8 /* AppDelegate.swift */; };
		2DFDC5AC24190AB900B108F8 /* Assets.xcassets in Resources */ = {isa = PBXBuildFile; fileRef = 2DFDC5AB24190AB900B108F8 /* Assets.xcassets */; };
		2DFDC5AF24190AB900B108F8 /* Preview Assets.xcassets in Resources */ = {isa = PBXBuildFile; fileRef = 2DFDC5AE24190AB900B108F8 /* Preview Assets.xcassets */; };
		2DFDC5BD24190ABA00B108F8 /* CovidWatch_iOSTests.swift in Sources */ = {isa = PBXBuildFile; fileRef = 2DFDC5BC24190ABA00B108F8 /* CovidWatch_iOSTests.swift */; };
		2E0E86E6243D05260084F8ED /* MenuItem.swift in Sources */ = {isa = PBXBuildFile; fileRef = 2E0E86E5243D05260084F8ED /* MenuItem.swift */; };
		2E1F86FF2448FE8C00957EBA /* Main.storyboard in Resources */ = {isa = PBXBuildFile; fileRef = 60A44B4F2444046A00A8154B /* Main.storyboard */; };
		2E1F87002448FE8C00957EBA /* Home.storyboard in Resources */ = {isa = PBXBuildFile; fileRef = 60EF50F62440FAE0006CDD76 /* Home.storyboard */; };
		2E1F87012448FE8C00957EBA /* Test.storyboard in Resources */ = {isa = PBXBuildFile; fileRef = 60EF50F82440FAF3006CDD76 /* Test.storyboard */; };
		2E1F87022448FE8C00957EBA /* Notifications.storyboard in Resources */ = {isa = PBXBuildFile; fileRef = 60EF50F22440FAA4006CDD76 /* Notifications.storyboard */; };
		2E1F87032448FE8C00957EBA /* Confirm.storyboard in Resources */ = {isa = PBXBuildFile; fileRef = 60BD14FE244685620009D7E0 /* Confirm.storyboard */; };
		2E1F87042448FE8C00957EBA /* Bluetooth.storyboard in Resources */ = {isa = PBXBuildFile; fileRef = 60EF50F02440E624006CDD76 /* Bluetooth.storyboard */; };
		2E1F87072448FE9800957EBA /* Main.storyboard in Resources */ = {isa = PBXBuildFile; fileRef = 60A44B4F2444046A00A8154B /* Main.storyboard */; };
		2E1F87082448FE9800957EBA /* Home.storyboard in Resources */ = {isa = PBXBuildFile; fileRef = 60EF50F62440FAE0006CDD76 /* Home.storyboard */; };
		2E1F87092448FE9800957EBA /* Test.storyboard in Resources */ = {isa = PBXBuildFile; fileRef = 60EF50F82440FAF3006CDD76 /* Test.storyboard */; };
		2E1F870A2448FE9800957EBA /* Notifications.storyboard in Resources */ = {isa = PBXBuildFile; fileRef = 60EF50F22440FAA4006CDD76 /* Notifications.storyboard */; };
		2E1F870B2448FE9800957EBA /* Confirm.storyboard in Resources */ = {isa = PBXBuildFile; fileRef = 60BD14FE244685620009D7E0 /* Confirm.storyboard */; };
		2E1F870C2448FE9800957EBA /* Bluetooth.storyboard in Resources */ = {isa = PBXBuildFile; fileRef = 60EF50F02440E624006CDD76 /* Bluetooth.storyboard */; };
		2E1FDBF32439275E000D8D67 /* Splash.swift in Sources */ = {isa = PBXBuildFile; fileRef = 2E1FDBF22439275E000D8D67 /* Splash.swift */; };
		2E1FDBF5243929F4000D8D67 /* Bluetooth.swift in Sources */ = {isa = PBXBuildFile; fileRef = 2E1FDBF4243929F4000D8D67 /* Bluetooth.swift */; };
		2E1FDC0824393C5A000D8D67 /* Montserrat-ThinItalic.ttf in Resources */ = {isa = PBXBuildFile; fileRef = 2E1FDBF624393C53000D8D67 /* Montserrat-ThinItalic.ttf */; };
		2E1FDC0924393C5A000D8D67 /* Montserrat-ExtraBoldItalic.ttf in Resources */ = {isa = PBXBuildFile; fileRef = 2E1FDBF724393C53000D8D67 /* Montserrat-ExtraBoldItalic.ttf */; };
		2E1FDC0A24393C5A000D8D67 /* Montserrat-Italic.ttf in Resources */ = {isa = PBXBuildFile; fileRef = 2E1FDBF824393C54000D8D67 /* Montserrat-Italic.ttf */; };
		2E1FDC0B24393C5A000D8D67 /* Montserrat-ExtraLight.ttf in Resources */ = {isa = PBXBuildFile; fileRef = 2E1FDBF924393C54000D8D67 /* Montserrat-ExtraLight.ttf */; };
		2E1FDC0C24393C5A000D8D67 /* Montserrat-MediumItalic.ttf in Resources */ = {isa = PBXBuildFile; fileRef = 2E1FDBFA24393C54000D8D67 /* Montserrat-MediumItalic.ttf */; };
		2E1FDC0D24393C5A000D8D67 /* Montserrat-Regular.ttf in Resources */ = {isa = PBXBuildFile; fileRef = 2E1FDBFB24393C55000D8D67 /* Montserrat-Regular.ttf */; };
		2E1FDC0E24393C5A000D8D67 /* Montserrat-Thin.ttf in Resources */ = {isa = PBXBuildFile; fileRef = 2E1FDBFC24393C55000D8D67 /* Montserrat-Thin.ttf */; };
		2E1FDC0F24393C5A000D8D67 /* Montserrat-ExtraLightItalic.ttf in Resources */ = {isa = PBXBuildFile; fileRef = 2E1FDBFD24393C55000D8D67 /* Montserrat-ExtraLightItalic.ttf */; };
		2E1FDC1024393C5A000D8D67 /* Montserrat-BoldItalic.ttf in Resources */ = {isa = PBXBuildFile; fileRef = 2E1FDBFE24393C56000D8D67 /* Montserrat-BoldItalic.ttf */; };
		2E1FDC1124393C5A000D8D67 /* Montserrat-Bold.ttf in Resources */ = {isa = PBXBuildFile; fileRef = 2E1FDBFF24393C56000D8D67 /* Montserrat-Bold.ttf */; };
		2E1FDC1224393C5A000D8D67 /* Montserrat-BlackItalic.ttf in Resources */ = {isa = PBXBuildFile; fileRef = 2E1FDC0024393C56000D8D67 /* Montserrat-BlackItalic.ttf */; };
		2E1FDC1324393C5A000D8D67 /* Montserrat-LightItalic.ttf in Resources */ = {isa = PBXBuildFile; fileRef = 2E1FDC0124393C57000D8D67 /* Montserrat-LightItalic.ttf */; };
		2E1FDC1424393C5A000D8D67 /* Montserrat-Black.ttf in Resources */ = {isa = PBXBuildFile; fileRef = 2E1FDC0224393C57000D8D67 /* Montserrat-Black.ttf */; };
		2E1FDC1524393C5A000D8D67 /* Montserrat-Medium.ttf in Resources */ = {isa = PBXBuildFile; fileRef = 2E1FDC0324393C58000D8D67 /* Montserrat-Medium.ttf */; };
		2E1FDC1624393C5A000D8D67 /* Montserrat-SemiBold.ttf in Resources */ = {isa = PBXBuildFile; fileRef = 2E1FDC0424393C58000D8D67 /* Montserrat-SemiBold.ttf */; };
		2E1FDC1724393C5A000D8D67 /* Montserrat-Light.ttf in Resources */ = {isa = PBXBuildFile; fileRef = 2E1FDC0524393C58000D8D67 /* Montserrat-Light.ttf */; };
		2E1FDC1824393C5A000D8D67 /* Montserrat-SemiBoldItalic.ttf in Resources */ = {isa = PBXBuildFile; fileRef = 2E1FDC0624393C59000D8D67 /* Montserrat-SemiBoldItalic.ttf */; };
		2E1FDC1924393C5A000D8D67 /* Montserrat-ExtraBold.ttf in Resources */ = {isa = PBXBuildFile; fileRef = 2E1FDC0724393C5A000D8D67 /* Montserrat-ExtraBold.ttf */; };
		2E1FDC1B24394425000D8D67 /* Notifications.swift in Sources */ = {isa = PBXBuildFile; fileRef = 2E1FDC1A24394424000D8D67 /* Notifications.swift */; };
		2E48145E244FCCDD0025EA9B /* Environment.swift in Sources */ = {isa = PBXBuildFile; fileRef = 2E48145D244FCCDD0025EA9B /* Environment.swift */; };
		2E80CAE72446B87700F5272E /* IsWithinXDaysOfToday.swift in Sources */ = {isa = PBXBuildFile; fileRef = 2E80CAE62446B87700F5272E /* IsWithinXDaysOfToday.swift */; };
		2EBF8725243BC275003278E6 /* Header.swift in Sources */ = {isa = PBXBuildFile; fileRef = 2EBF8724243BC275003278E6 /* Header.swift */; };
		2EBF8727243BC7F8003278E6 /* BaseViewController.swift in Sources */ = {isa = PBXBuildFile; fileRef = 2EBF8726243BC7F8003278E6 /* BaseViewController.swift */; };
		2EBF8729243BCFA1003278E6 /* UIViewExtension.swift in Sources */ = {isa = PBXBuildFile; fileRef = 2EBF8728243BCFA1003278E6 /* UIViewExtension.swift */; };
		2EBF872B243BEAFA003278E6 /* LargeText.swift in Sources */ = {isa = PBXBuildFile; fileRef = 2EBF872A243BEAFA003278E6 /* LargeText.swift */; };
		2EBF872F243BF41E003278E6 /* MainText.swift in Sources */ = {isa = PBXBuildFile; fileRef = 2EBF872E243BF41E003278E6 /* MainText.swift */; };
		2EBF8731243C09F1003278E6 /* Button.swift in Sources */ = {isa = PBXBuildFile; fileRef = 2EBF8730243C09F1003278E6 /* Button.swift */; };
		2EBF8735243CE60E003278E6 /* Menu.swift in Sources */ = {isa = PBXBuildFile; fileRef = 2EBF8734243CE60E003278E6 /* Menu.swift */; };
		2EF61C392436F82D003046A4 /* UIColorExtension.swift in Sources */ = {isa = PBXBuildFile; fileRef = 2EF61C382436F82D003046A4 /* UIColorExtension.swift */; };
		2EFE6304243F990900D00305 /* Home.swift in Sources */ = {isa = PBXBuildFile; fileRef = 2EFE6303243F990900D00305 /* Home.swift */; };
		2EFE6308243FB54F00D00305 /* UIResponderExtension.swift in Sources */ = {isa = PBXBuildFile; fileRef = 2EFE6307243FB54F00D00305 /* UIResponderExtension.swift */; };
		2EFE630C2440E9EA00D00305 /* InfoBanner.swift in Sources */ = {isa = PBXBuildFile; fileRef = 2EFE630B2440E9EA00D00305 /* InfoBanner.swift */; };
		600678282450FC5D006DBD5D /* Splash.storyboard in Resources */ = {isa = PBXBuildFile; fileRef = 600678272450FC5D006DBD5D /* Splash.storyboard */; };
		600678292450FC5D006DBD5D /* Splash.storyboard in Resources */ = {isa = PBXBuildFile; fileRef = 600678272450FC5D006DBD5D /* Splash.storyboard */; };
		6006782A2450FC5D006DBD5D /* Splash.storyboard in Resources */ = {isa = PBXBuildFile; fileRef = 600678272450FC5D006DBD5D /* Splash.storyboard */; };
		60867C922450F70C0028AEE3 /* LaunchScreen.storyboard in Resources */ = {isa = PBXBuildFile; fileRef = 60867C902450F70C0028AEE3 /* LaunchScreen.storyboard */; };
		60867C932450F70C0028AEE3 /* LaunchScreen.storyboard in Resources */ = {isa = PBXBuildFile; fileRef = 60867C902450F70C0028AEE3 /* LaunchScreen.storyboard */; };
		60867C942450F70C0028AEE3 /* LaunchScreen.storyboard in Resources */ = {isa = PBXBuildFile; fileRef = 60867C902450F70C0028AEE3 /* LaunchScreen.storyboard */; };
		60A44B4E244402A500A8154B /* Entry.swift in Sources */ = {isa = PBXBuildFile; fileRef = 60A44B4D244402A500A8154B /* Entry.swift */; };
		60A44B502444046A00A8154B /* Main.storyboard in Resources */ = {isa = PBXBuildFile; fileRef = 60A44B4F2444046A00A8154B /* Main.storyboard */; };
		60BD14FB2446854F0009D7E0 /* Confirm.swift in Sources */ = {isa = PBXBuildFile; fileRef = 60BD14FA2446854F0009D7E0 /* Confirm.swift */; };
		60BD14FF244685620009D7E0 /* Confirm.storyboard in Resources */ = {isa = PBXBuildFile; fileRef = 60BD14FE244685620009D7E0 /* Confirm.storyboard */; };
		60EF50F12440E624006CDD76 /* Bluetooth.storyboard in Resources */ = {isa = PBXBuildFile; fileRef = 60EF50F02440E624006CDD76 /* Bluetooth.storyboard */; };
		60EF50F32440FAA4006CDD76 /* Notifications.storyboard in Resources */ = {isa = PBXBuildFile; fileRef = 60EF50F22440FAA4006CDD76 /* Notifications.storyboard */; };
		60EF50F72440FAE0006CDD76 /* Home.storyboard in Resources */ = {isa = PBXBuildFile; fileRef = 60EF50F62440FAE0006CDD76 /* Home.storyboard */; };
		60EF50F92440FAF3006CDD76 /* Test.storyboard in Resources */ = {isa = PBXBuildFile; fileRef = 60EF50F82440FAF3006CDD76 /* Test.storyboard */; };
		780018A7361507BB6093AB79 /* Pods_CovidWatch_iOS_CovidWatch_iOSUITests.framework in Frameworks */ = {isa = PBXBuildFile; fileRef = 8917C452E0B41C1EF3DDE63A /* Pods_CovidWatch_iOS_CovidWatch_iOSUITests.framework */; };
		7A05D2F61BD1CD7FF719C9E7 /* Pods_CovidWatch_iOS.framework in Frameworks */ = {isa = PBXBuildFile; fileRef = B5D1F8981870B212596AF55D /* Pods_CovidWatch_iOS.framework */; };
		A38D9EBD82F1C1A85E30D151 /* Pods_CovidWatch_iOSTests.framework in Frameworks */ = {isa = PBXBuildFile; fileRef = D2B92ABC1F540AED298E0D66 /* Pods_CovidWatch_iOSTests.framework */; };
		BC6B4CB72448BB08003FB3F9 /* AccessibilityIdentifier.swift in Sources */ = {isa = PBXBuildFile; fileRef = BC6B4CB62448BB08003FB3F9 /* AccessibilityIdentifier.swift */; };
		BC6B4CBA2448BC50003FB3F9 /* AccessibilityLabel.swift in Sources */ = {isa = PBXBuildFile; fileRef = BC6B4CB92448BC50003FB3F9 /* AccessibilityLabel.swift */; };
		E1C729FF243DE30900D30118 /* Test.swift in Sources */ = {isa = PBXBuildFile; fileRef = E1C729FE243DE30900D30118 /* Test.swift */; };
		E24BC323244545CB00819EF0 /* NotificationPermission.swift in Sources */ = {isa = PBXBuildFile; fileRef = E24BC322244545CB00819EF0 /* NotificationPermission.swift */; };
		E2B451A924443FE900E17888 /* BluetoothPermission.swift in Sources */ = {isa = PBXBuildFile; fileRef = E2B451A824443FE900E17888 /* BluetoothPermission.swift */; };
/* End PBXBuildFile section */

/* Begin PBXContainerItemProxy section */
		2DFDC5B924190ABA00B108F8 /* PBXContainerItemProxy */ = {
			isa = PBXContainerItemProxy;
			containerPortal = 2DFDC59724190AB700B108F8 /* Project object */;
			proxyType = 1;
			remoteGlobalIDString = 2DFDC59E24190AB700B108F8;
			remoteInfo = "COVID-19 Risk";
		};
		2DFDC5C424190ABA00B108F8 /* PBXContainerItemProxy */ = {
			isa = PBXContainerItemProxy;
			containerPortal = 2DFDC59724190AB700B108F8 /* Project object */;
			proxyType = 1;
			remoteGlobalIDString = 2DFDC59E24190AB700B108F8;
			remoteInfo = "COVID-19 Risk";
		};
/* End PBXContainerItemProxy section */

/* Begin PBXFileReference section */
		2D14F7BE2452D62B00C02C0D /* CurrentUserExposureNotifier.swift */ = {isa = PBXFileReference; fileEncoding = 4; lastKnownFileType = sourcecode.swift; path = CurrentUserExposureNotifier.swift; sourceTree = "<group>"; };
		2D30EFC2242268010063C211 /* Array+Chunked.swift */ = {isa = PBXFileReference; lastKnownFileType = sourcecode.swift; path = "Array+Chunked.swift"; sourceTree = "<group>"; };
		2D5C5410241CB6FE00DB2520 /* UserDefaults+Shared.swift */ = {isa = PBXFileReference; fileEncoding = 4; lastKnownFileType = sourcecode.swift; path = "UserDefaults+Shared.swift"; sourceTree = "<group>"; };
		2D5D61B92451F95B009F5AF1 /* CovidWatch.xcdatamodel */ = {isa = PBXFileReference; lastKnownFileType = wrapper.xcdatamodel; path = CovidWatch.xcdatamodel; sourceTree = "<group>"; };
		2D6655B3242E605000B462E0 /* GoogleService-Info.plist */ = {isa = PBXFileReference; fileEncoding = 4; lastKnownFileType = text.plist.xml; path = "GoogleService-Info.plist"; sourceTree = "<group>"; };
		2D667D812451AE3D0071C353 /* AppDelegate+TCN.swift */ = {isa = PBXFileReference; fileEncoding = 4; lastKnownFileType = sourcecode.swift; path = "AppDelegate+TCN.swift"; sourceTree = "<group>"; };
		2D667D842451AE610071C353 /* KeyStoreError.swift */ = {isa = PBXFileReference; fileEncoding = 4; lastKnownFileType = sourcecode.swift; path = KeyStoreError.swift; sourceTree = "<group>"; };
		2D667D852451AE610071C353 /* GenericPasswordStore.swift */ = {isa = PBXFileReference; fileEncoding = 4; lastKnownFileType = sourcecode.swift; path = GenericPasswordStore.swift; sourceTree = "<group>"; };
		2D667D862451AE610071C353 /* GenericPasswordConvertible.swift */ = {isa = PBXFileReference; fileEncoding = 4; lastKnownFileType = sourcecode.swift; path = GenericPasswordConvertible.swift; sourceTree = "<group>"; };
		2D667D8A2451AEA20071C353 /* OSLog+Additions.swift */ = {isa = PBXFileReference; fileEncoding = 4; lastKnownFileType = sourcecode.swift; path = "OSLog+Additions.swift"; sourceTree = "<group>"; };
		2D667D8C2451AEC90071C353 /* SignedReportsUploader.swift */ = {isa = PBXFileReference; fileEncoding = 4; lastKnownFileType = sourcecode.swift; path = SignedReportsUploader.swift; sourceTree = "<group>"; };
		2D667D8E2451AED20071C353 /* SignedReportsDownloadOperation.swift */ = {isa = PBXFileReference; fileEncoding = 4; lastKnownFileType = sourcecode.swift; path = SignedReportsDownloadOperation.swift; sourceTree = "<group>"; };
		2D667D902451AF870071C353 /* SignedReport+TCN.swift */ = {isa = PBXFileReference; fileEncoding = 4; lastKnownFileType = sourcecode.swift; path = "SignedReport+TCN.swift"; sourceTree = "<group>"; };
		2D667D922451AF940071C353 /* TemporaryContactNumber+Additions.swift */ = {isa = PBXFileReference; fileEncoding = 4; lastKnownFileType = sourcecode.swift; path = "TemporaryContactNumber+Additions.swift"; sourceTree = "<group>"; };
		2D8496F824321A7C00C71BD1 /* FirestoreOperations.swift */ = {isa = PBXFileReference; lastKnownFileType = sourcecode.swift; path = FirestoreOperations.swift; sourceTree = "<group>"; };
		2DC231E5241B886C00216404 /* Firestore+Constants.swift */ = {isa = PBXFileReference; lastKnownFileType = sourcecode.swift; path = "Firestore+Constants.swift"; sourceTree = "<group>"; };
		2DC231E7241B914200216404 /* CoreData+Additions.swift */ = {isa = PBXFileReference; lastKnownFileType = sourcecode.swift; path = "CoreData+Additions.swift"; sourceTree = "<group>"; };
		2DC231EB241BA17B00216404 /* UIViewController+ErrorPresenting.swift */ = {isa = PBXFileReference; fileEncoding = 4; lastKnownFileType = sourcecode.swift; path = "UIViewController+ErrorPresenting.swift"; sourceTree = "<group>"; };
		2DC231ED241BA27800216404 /* AppDelegate+UserNotificationCenter.swift */ = {isa = PBXFileReference; fileEncoding = 4; lastKnownFileType = sourcecode.swift; path = "AppDelegate+UserNotificationCenter.swift"; sourceTree = "<group>"; };
		2DC6439B2431FE2F008F5E4C /* QuerySnapshotProcessingOperation.swift */ = {isa = PBXFileReference; lastKnownFileType = sourcecode.swift; path = QuerySnapshotProcessingOperation.swift; sourceTree = "<group>"; };
		2DDEBF5D241A3468005BE9A8 /* PersistentContainer.swift */ = {isa = PBXFileReference; lastKnownFileType = sourcecode.swift; path = PersistentContainer.swift; sourceTree = "<group>"; };
		2DDEBF5F241A369A005BE9A8 /* UIWindow+ViewControllerUtility.swift */ = {isa = PBXFileReference; fileEncoding = 4; lastKnownFileType = sourcecode.swift; path = "UIWindow+ViewControllerUtility.swift"; sourceTree = "<group>"; };
		2DF8F3D0243082F7001C88EF /* AppDelegate+BackgroundTasks.swift */ = {isa = PBXFileReference; lastKnownFileType = sourcecode.swift; path = "AppDelegate+BackgroundTasks.swift"; sourceTree = "<group>"; };
		2DF8F3D22430C503001C88EF /* AppDelegate+BackgroundFetch.swift */ = {isa = PBXFileReference; lastKnownFileType = sourcecode.swift; path = "AppDelegate+BackgroundFetch.swift"; sourceTree = "<group>"; };
		2DFDC59F24190AB700B108F8 /* Covid Watch.app */ = {isa = PBXFileReference; explicitFileType = wrapper.application; includeInIndex = 0; path = "Covid Watch.app"; sourceTree = BUILT_PRODUCTS_DIR; };
		2DFDC5A224190AB800B108F8 /* AppDelegate.swift */ = {isa = PBXFileReference; lastKnownFileType = sourcecode.swift; path = AppDelegate.swift; sourceTree = "<group>"; };
		2DFDC5AB24190AB900B108F8 /* Assets.xcassets */ = {isa = PBXFileReference; lastKnownFileType = folder.assetcatalog; path = Assets.xcassets; sourceTree = "<group>"; };
		2DFDC5AE24190AB900B108F8 /* Preview Assets.xcassets */ = {isa = PBXFileReference; lastKnownFileType = folder.assetcatalog; path = "Preview Assets.xcassets"; sourceTree = "<group>"; };
		2DFDC5B324190AB900B108F8 /* Info.plist */ = {isa = PBXFileReference; lastKnownFileType = text.plist.xml; path = Info.plist; sourceTree = "<group>"; };
		2DFDC5B824190ABA00B108F8 /* CovidWatch iOSTests.xctest */ = {isa = PBXFileReference; explicitFileType = wrapper.cfbundle; includeInIndex = 0; path = "CovidWatch iOSTests.xctest"; sourceTree = BUILT_PRODUCTS_DIR; };
		2DFDC5BC24190ABA00B108F8 /* CovidWatch_iOSTests.swift */ = {isa = PBXFileReference; lastKnownFileType = sourcecode.swift; path = CovidWatch_iOSTests.swift; sourceTree = "<group>"; };
		2DFDC5BE24190ABA00B108F8 /* Info.plist */ = {isa = PBXFileReference; lastKnownFileType = text.plist.xml; path = Info.plist; sourceTree = "<group>"; };
		2DFDC5C324190ABA00B108F8 /* CovidWatch iOSUITests.xctest */ = {isa = PBXFileReference; explicitFileType = wrapper.cfbundle; includeInIndex = 0; path = "CovidWatch iOSUITests.xctest"; sourceTree = BUILT_PRODUCTS_DIR; };
		2DFDC5C924190ABA00B108F8 /* Info.plist */ = {isa = PBXFileReference; lastKnownFileType = text.plist.xml; path = Info.plist; sourceTree = "<group>"; };
		2E0E86E5243D05260084F8ED /* MenuItem.swift */ = {isa = PBXFileReference; lastKnownFileType = sourcecode.swift; path = MenuItem.swift; sourceTree = "<group>"; };
		2E1FDBF22439275E000D8D67 /* Splash.swift */ = {isa = PBXFileReference; lastKnownFileType = sourcecode.swift; path = Splash.swift; sourceTree = "<group>"; };
		2E1FDBF4243929F4000D8D67 /* Bluetooth.swift */ = {isa = PBXFileReference; lastKnownFileType = sourcecode.swift; path = Bluetooth.swift; sourceTree = "<group>"; };
		2E1FDBF624393C53000D8D67 /* Montserrat-ThinItalic.ttf */ = {isa = PBXFileReference; lastKnownFileType = file; path = "Montserrat-ThinItalic.ttf"; sourceTree = "<group>"; };
		2E1FDBF724393C53000D8D67 /* Montserrat-ExtraBoldItalic.ttf */ = {isa = PBXFileReference; lastKnownFileType = file; path = "Montserrat-ExtraBoldItalic.ttf"; sourceTree = "<group>"; };
		2E1FDBF824393C54000D8D67 /* Montserrat-Italic.ttf */ = {isa = PBXFileReference; lastKnownFileType = file; path = "Montserrat-Italic.ttf"; sourceTree = "<group>"; };
		2E1FDBF924393C54000D8D67 /* Montserrat-ExtraLight.ttf */ = {isa = PBXFileReference; lastKnownFileType = file; path = "Montserrat-ExtraLight.ttf"; sourceTree = "<group>"; };
		2E1FDBFA24393C54000D8D67 /* Montserrat-MediumItalic.ttf */ = {isa = PBXFileReference; lastKnownFileType = file; path = "Montserrat-MediumItalic.ttf"; sourceTree = "<group>"; };
		2E1FDBFB24393C55000D8D67 /* Montserrat-Regular.ttf */ = {isa = PBXFileReference; lastKnownFileType = file; path = "Montserrat-Regular.ttf"; sourceTree = "<group>"; };
		2E1FDBFC24393C55000D8D67 /* Montserrat-Thin.ttf */ = {isa = PBXFileReference; lastKnownFileType = file; path = "Montserrat-Thin.ttf"; sourceTree = "<group>"; };
		2E1FDBFD24393C55000D8D67 /* Montserrat-ExtraLightItalic.ttf */ = {isa = PBXFileReference; lastKnownFileType = file; path = "Montserrat-ExtraLightItalic.ttf"; sourceTree = "<group>"; };
		2E1FDBFE24393C56000D8D67 /* Montserrat-BoldItalic.ttf */ = {isa = PBXFileReference; lastKnownFileType = file; path = "Montserrat-BoldItalic.ttf"; sourceTree = "<group>"; };
		2E1FDBFF24393C56000D8D67 /* Montserrat-Bold.ttf */ = {isa = PBXFileReference; lastKnownFileType = file; path = "Montserrat-Bold.ttf"; sourceTree = "<group>"; };
		2E1FDC0024393C56000D8D67 /* Montserrat-BlackItalic.ttf */ = {isa = PBXFileReference; lastKnownFileType = file; path = "Montserrat-BlackItalic.ttf"; sourceTree = "<group>"; };
		2E1FDC0124393C57000D8D67 /* Montserrat-LightItalic.ttf */ = {isa = PBXFileReference; lastKnownFileType = file; path = "Montserrat-LightItalic.ttf"; sourceTree = "<group>"; };
		2E1FDC0224393C57000D8D67 /* Montserrat-Black.ttf */ = {isa = PBXFileReference; lastKnownFileType = file; path = "Montserrat-Black.ttf"; sourceTree = "<group>"; };
		2E1FDC0324393C58000D8D67 /* Montserrat-Medium.ttf */ = {isa = PBXFileReference; lastKnownFileType = file; path = "Montserrat-Medium.ttf"; sourceTree = "<group>"; };
		2E1FDC0424393C58000D8D67 /* Montserrat-SemiBold.ttf */ = {isa = PBXFileReference; lastKnownFileType = file; path = "Montserrat-SemiBold.ttf"; sourceTree = "<group>"; };
		2E1FDC0524393C58000D8D67 /* Montserrat-Light.ttf */ = {isa = PBXFileReference; lastKnownFileType = file; path = "Montserrat-Light.ttf"; sourceTree = "<group>"; };
		2E1FDC0624393C59000D8D67 /* Montserrat-SemiBoldItalic.ttf */ = {isa = PBXFileReference; lastKnownFileType = file; path = "Montserrat-SemiBoldItalic.ttf"; sourceTree = "<group>"; };
		2E1FDC0724393C5A000D8D67 /* Montserrat-ExtraBold.ttf */ = {isa = PBXFileReference; lastKnownFileType = file; path = "Montserrat-ExtraBold.ttf"; sourceTree = "<group>"; };
		2E1FDC1A24394424000D8D67 /* Notifications.swift */ = {isa = PBXFileReference; fileEncoding = 4; lastKnownFileType = sourcecode.swift; path = Notifications.swift; sourceTree = "<group>"; };
		2E48145B244F6E020025EA9B /* Springboard.swift */ = {isa = PBXFileReference; lastKnownFileType = sourcecode.swift; path = Springboard.swift; sourceTree = "<group>"; };
		2E48145D244FCCDD0025EA9B /* Environment.swift */ = {isa = PBXFileReference; fileEncoding = 4; lastKnownFileType = sourcecode.swift; path = Environment.swift; sourceTree = "<group>"; };
		2E80CAE62446B87700F5272E /* IsWithinXDaysOfToday.swift */ = {isa = PBXFileReference; lastKnownFileType = sourcecode.swift; path = IsWithinXDaysOfToday.swift; sourceTree = "<group>"; };
		2EBF8724243BC275003278E6 /* Header.swift */ = {isa = PBXFileReference; lastKnownFileType = sourcecode.swift; path = Header.swift; sourceTree = "<group>"; };
		2EBF8726243BC7F8003278E6 /* BaseViewController.swift */ = {isa = PBXFileReference; lastKnownFileType = sourcecode.swift; path = BaseViewController.swift; sourceTree = "<group>"; };
		2EBF8728243BCFA1003278E6 /* UIViewExtension.swift */ = {isa = PBXFileReference; lastKnownFileType = sourcecode.swift; path = UIViewExtension.swift; sourceTree = "<group>"; };
		2EBF872A243BEAFA003278E6 /* LargeText.swift */ = {isa = PBXFileReference; lastKnownFileType = sourcecode.swift; path = LargeText.swift; sourceTree = "<group>"; };
		2EBF872E243BF41E003278E6 /* MainText.swift */ = {isa = PBXFileReference; lastKnownFileType = sourcecode.swift; path = MainText.swift; sourceTree = "<group>"; };
		2EBF8730243C09F1003278E6 /* Button.swift */ = {isa = PBXFileReference; lastKnownFileType = sourcecode.swift; path = Button.swift; sourceTree = "<group>"; };
		2EBF8734243CE60E003278E6 /* Menu.swift */ = {isa = PBXFileReference; lastKnownFileType = sourcecode.swift; path = Menu.swift; sourceTree = "<group>"; };
		2EF61C382436F82D003046A4 /* UIColorExtension.swift */ = {isa = PBXFileReference; lastKnownFileType = sourcecode.swift; path = UIColorExtension.swift; sourceTree = "<group>"; };
		2EFE6303243F990900D00305 /* Home.swift */ = {isa = PBXFileReference; fileEncoding = 4; lastKnownFileType = sourcecode.swift; path = Home.swift; sourceTree = "<group>"; };
		2EFE6307243FB54F00D00305 /* UIResponderExtension.swift */ = {isa = PBXFileReference; lastKnownFileType = sourcecode.swift; path = UIResponderExtension.swift; sourceTree = "<group>"; };
		2EFE630B2440E9EA00D00305 /* InfoBanner.swift */ = {isa = PBXFileReference; lastKnownFileType = sourcecode.swift; path = InfoBanner.swift; sourceTree = "<group>"; };
		2EFE68E2244E8F7F003D1E48 /* OnboardingFlow.swift */ = {isa = PBXFileReference; lastKnownFileType = sourcecode.swift; path = OnboardingFlow.swift; sourceTree = "<group>"; };
		38C1D7CF1123BCCB3961F9EA /* Pods-CovidWatch iOSTests.release.xcconfig */ = {isa = PBXFileReference; includeInIndex = 1; lastKnownFileType = text.xcconfig; name = "Pods-CovidWatch iOSTests.release.xcconfig"; path = "Target Support Files/Pods-CovidWatch iOSTests/Pods-CovidWatch iOSTests.release.xcconfig"; sourceTree = "<group>"; };
		600678272450FC5D006DBD5D /* Splash.storyboard */ = {isa = PBXFileReference; fileEncoding = 4; lastKnownFileType = file.storyboard; path = Splash.storyboard; sourceTree = "<group>"; };
		60867C912450F70C0028AEE3 /* Base */ = {isa = PBXFileReference; lastKnownFileType = file.storyboard; name = Base; path = Base.lproj/LaunchScreen.storyboard; sourceTree = "<group>"; };
		60A44B4D244402A500A8154B /* Entry.swift */ = {isa = PBXFileReference; lastKnownFileType = sourcecode.swift; path = Entry.swift; sourceTree = "<group>"; };
		60A44B4F2444046A00A8154B /* Main.storyboard */ = {isa = PBXFileReference; lastKnownFileType = file.storyboard; path = Main.storyboard; sourceTree = "<group>"; };
		60BD14FA2446854F0009D7E0 /* Confirm.swift */ = {isa = PBXFileReference; fileEncoding = 4; lastKnownFileType = sourcecode.swift; path = Confirm.swift; sourceTree = "<group>"; };
		60BD14FE244685620009D7E0 /* Confirm.storyboard */ = {isa = PBXFileReference; fileEncoding = 4; lastKnownFileType = file.storyboard; path = Confirm.storyboard; sourceTree = "<group>"; };
		60EF50F02440E624006CDD76 /* Bluetooth.storyboard */ = {isa = PBXFileReference; lastKnownFileType = file.storyboard; path = Bluetooth.storyboard; sourceTree = "<group>"; };
		60EF50F22440FAA4006CDD76 /* Notifications.storyboard */ = {isa = PBXFileReference; lastKnownFileType = file.storyboard; path = Notifications.storyboard; sourceTree = "<group>"; };
		60EF50F62440FAE0006CDD76 /* Home.storyboard */ = {isa = PBXFileReference; lastKnownFileType = file.storyboard; path = Home.storyboard; sourceTree = "<group>"; };
		60EF50F82440FAF3006CDD76 /* Test.storyboard */ = {isa = PBXFileReference; lastKnownFileType = file.storyboard; path = Test.storyboard; sourceTree = "<group>"; };
		8917C452E0B41C1EF3DDE63A /* Pods_CovidWatch_iOS_CovidWatch_iOSUITests.framework */ = {isa = PBXFileReference; explicitFileType = wrapper.framework; includeInIndex = 0; path = Pods_CovidWatch_iOS_CovidWatch_iOSUITests.framework; sourceTree = BUILT_PRODUCTS_DIR; };
		98574A535CCB62985CACF06E /* Pods-CovidWatch iOS-CovidWatch iOSUITests.release.xcconfig */ = {isa = PBXFileReference; includeInIndex = 1; lastKnownFileType = text.xcconfig; name = "Pods-CovidWatch iOS-CovidWatch iOSUITests.release.xcconfig"; path = "Target Support Files/Pods-CovidWatch iOS-CovidWatch iOSUITests/Pods-CovidWatch iOS-CovidWatch iOSUITests.release.xcconfig"; sourceTree = "<group>"; };
		AAEB6B4913E90B327C8F1F7E /* Pods-CovidWatch iOS-CovidWatch iOSUITests.debug.xcconfig */ = {isa = PBXFileReference; includeInIndex = 1; lastKnownFileType = text.xcconfig; name = "Pods-CovidWatch iOS-CovidWatch iOSUITests.debug.xcconfig"; path = "Target Support Files/Pods-CovidWatch iOS-CovidWatch iOSUITests/Pods-CovidWatch iOS-CovidWatch iOSUITests.debug.xcconfig"; sourceTree = "<group>"; };
		B28D19F15F7DF07DA2DFB9EB /* Pods-CovidWatch iOS.release.xcconfig */ = {isa = PBXFileReference; includeInIndex = 1; lastKnownFileType = text.xcconfig; name = "Pods-CovidWatch iOS.release.xcconfig"; path = "Target Support Files/Pods-CovidWatch iOS/Pods-CovidWatch iOS.release.xcconfig"; sourceTree = "<group>"; };
		B5D1F8981870B212596AF55D /* Pods_CovidWatch_iOS.framework */ = {isa = PBXFileReference; explicitFileType = wrapper.framework; includeInIndex = 0; path = Pods_CovidWatch_iOS.framework; sourceTree = BUILT_PRODUCTS_DIR; };
		BC6B4CB62448BB08003FB3F9 /* AccessibilityIdentifier.swift */ = {isa = PBXFileReference; lastKnownFileType = sourcecode.swift; path = AccessibilityIdentifier.swift; sourceTree = "<group>"; };
		BC6B4CB92448BC50003FB3F9 /* AccessibilityLabel.swift */ = {isa = PBXFileReference; lastKnownFileType = sourcecode.swift; path = AccessibilityLabel.swift; sourceTree = "<group>"; };
		C87741FDD3F9F0600A6673B8 /* Pods-CovidWatch iOS.debug.xcconfig */ = {isa = PBXFileReference; includeInIndex = 1; lastKnownFileType = text.xcconfig; name = "Pods-CovidWatch iOS.debug.xcconfig"; path = "Target Support Files/Pods-CovidWatch iOS/Pods-CovidWatch iOS.debug.xcconfig"; sourceTree = "<group>"; };
		D2B92ABC1F540AED298E0D66 /* Pods_CovidWatch_iOSTests.framework */ = {isa = PBXFileReference; explicitFileType = wrapper.framework; includeInIndex = 0; path = Pods_CovidWatch_iOSTests.framework; sourceTree = BUILT_PRODUCTS_DIR; };
		E1C729FE243DE30900D30118 /* Test.swift */ = {isa = PBXFileReference; lastKnownFileType = sourcecode.swift; path = Test.swift; sourceTree = "<group>"; };
		E24BC322244545CB00819EF0 /* NotificationPermission.swift */ = {isa = PBXFileReference; lastKnownFileType = sourcecode.swift; path = NotificationPermission.swift; sourceTree = "<group>"; };
		E2B451A824443FE900E17888 /* BluetoothPermission.swift */ = {isa = PBXFileReference; lastKnownFileType = sourcecode.swift; path = BluetoothPermission.swift; sourceTree = "<group>"; };
		EDB7DEFEE5EBB4448ED04D36 /* Pods-CovidWatch iOSTests.debug.xcconfig */ = {isa = PBXFileReference; includeInIndex = 1; lastKnownFileType = text.xcconfig; name = "Pods-CovidWatch iOSTests.debug.xcconfig"; path = "Target Support Files/Pods-CovidWatch iOSTests/Pods-CovidWatch iOSTests.debug.xcconfig"; sourceTree = "<group>"; };
/* End PBXFileReference section */

/* Begin PBXFrameworksBuildPhase section */
		2DFDC59C24190AB700B108F8 /* Frameworks */ = {
			isa = PBXFrameworksBuildPhase;
			buildActionMask = 2147483647;
			files = (
				2D667D802451AB0C0071C353 /* BuildFile in Frameworks */,
				7A05D2F61BD1CD7FF719C9E7 /* Pods_CovidWatch_iOS.framework in Frameworks */,
			);
			runOnlyForDeploymentPostprocessing = 0;
		};
		2DFDC5B524190ABA00B108F8 /* Frameworks */ = {
			isa = PBXFrameworksBuildPhase;
			buildActionMask = 2147483647;
			files = (
				A38D9EBD82F1C1A85E30D151 /* Pods_CovidWatch_iOSTests.framework in Frameworks */,
			);
			runOnlyForDeploymentPostprocessing = 0;
		};
		2DFDC5C024190ABA00B108F8 /* Frameworks */ = {
			isa = PBXFrameworksBuildPhase;
			buildActionMask = 2147483647;
			files = (
				780018A7361507BB6093AB79 /* Pods_CovidWatch_iOS_CovidWatch_iOSUITests.framework in Frameworks */,
			);
			runOnlyForDeploymentPostprocessing = 0;
		};
/* End PBXFrameworksBuildPhase section */

/* Begin PBXGroup section */
		08B5CD643C991D4EFE7E131F /* Frameworks */ = {
			isa = PBXGroup;
			children = (
				B5D1F8981870B212596AF55D /* Pods_CovidWatch_iOS.framework */,
				8917C452E0B41C1EF3DDE63A /* Pods_CovidWatch_iOS_CovidWatch_iOSUITests.framework */,
				D2B92ABC1F540AED298E0D66 /* Pods_CovidWatch_iOSTests.framework */,
			);
			name = Frameworks;
			sourceTree = "<group>";
		};
		2D044469241A229E006B61E4 /* Data */ = {
			isa = PBXGroup;
			children = (
				2D5C5410241CB6FE00DB2520 /* UserDefaults+Shared.swift */,
				2D667D902451AF870071C353 /* SignedReport+TCN.swift */,
				2DC231E7241B914200216404 /* CoreData+Additions.swift */,
				2D667D922451AF940071C353 /* TemporaryContactNumber+Additions.swift */,
				2DDEBF5D241A3468005BE9A8 /* PersistentContainer.swift */,
			);
			path = Data;
			sourceTree = "<group>";
		};
		2D667D832451AE610071C353 /* Crypto */ = {
			isa = PBXGroup;
			children = (
				2D667D842451AE610071C353 /* KeyStoreError.swift */,
				2D667D852451AE610071C353 /* GenericPasswordStore.swift */,
				2D667D862451AE610071C353 /* GenericPasswordConvertible.swift */,
			);
			path = Crypto;
			sourceTree = "<group>";
		};
		2D9D70AD241CCB4B007ABD89 /* ViewControllers */ = {
			isa = PBXGroup;
			children = (
				2E1FDBF22439275E000D8D67 /* Splash.swift */,
				2E1FDBF4243929F4000D8D67 /* Bluetooth.swift */,
				2E1FDC1A24394424000D8D67 /* Notifications.swift */,
				2EFE6303243F990900D00305 /* Home.swift */,
				60A44B4D244402A500A8154B /* Entry.swift */,
				60BD14FA2446854F0009D7E0 /* Confirm.swift */,
				E1C729FE243DE30900D30118 /* Test.swift */,
				2EBF8726243BC7F8003278E6 /* BaseViewController.swift */,
			);
			path = ViewControllers;
			sourceTree = "<group>";
		};
		2DC231E4241B885500216404 /* Firestore */ = {
			isa = PBXGroup;
			children = (
				2DC231E5241B886C00216404 /* Firestore+Constants.swift */,
				2D8496F824321A7C00C71BD1 /* FirestoreOperations.swift */,
				2D667D8C2451AEC90071C353 /* SignedReportsUploader.swift */,
				2D667D8E2451AED20071C353 /* SignedReportsDownloadOperation.swift */,
				2DC6439B2431FE2F008F5E4C /* QuerySnapshotProcessingOperation.swift */,
				2D6655B3242E605000B462E0 /* GoogleService-Info.plist */,
			);
			path = Firestore;
			sourceTree = "<group>";
		};
		2DDEBF61241A39EE005BE9A8 /* Utility */ = {
			isa = PBXGroup;
			children = (
				2E48145D244FCCDD0025EA9B /* Environment.swift */,
				2DDEBF5F241A369A005BE9A8 /* UIWindow+ViewControllerUtility.swift */,
				2DC231EB241BA17B00216404 /* UIViewController+ErrorPresenting.swift */,
				2D30EFC2242268010063C211 /* Array+Chunked.swift */,
				2EF61C382436F82D003046A4 /* UIColorExtension.swift */,
				2EBF8728243BCFA1003278E6 /* UIViewExtension.swift */,
				2EFE6307243FB54F00D00305 /* UIResponderExtension.swift */,
				E24BC322244545CB00819EF0 /* NotificationPermission.swift */,
				E2B451A824443FE900E17888 /* BluetoothPermission.swift */,
				2E80CAE62446B87700F5272E /* IsWithinXDaysOfToday.swift */,
			);
			path = Utility;
			sourceTree = "<group>";
		};
		2DFDC59624190AB700B108F8 = {
			isa = PBXGroup;
			children = (
				2DFDC5A124190AB700B108F8 /* CovidWatch iOS */,
				2DFDC5BB24190ABA00B108F8 /* CovidWatch iOSTests */,
				2DFDC5C624190ABA00B108F8 /* CovidWatch iOSUITests */,
				2DFDC5A024190AB700B108F8 /* Products */,
				5AECD6E91A3FC6D786A4C832 /* Pods */,
				08B5CD643C991D4EFE7E131F /* Frameworks */,
			);
			sourceTree = "<group>";
		};
		2DFDC5A024190AB700B108F8 /* Products */ = {
			isa = PBXGroup;
			children = (
				2DFDC59F24190AB700B108F8 /* Covid Watch.app */,
				2DFDC5B824190ABA00B108F8 /* CovidWatch iOSTests.xctest */,
				2DFDC5C324190ABA00B108F8 /* CovidWatch iOSUITests.xctest */,
			);
			name = Products;
			sourceTree = "<group>";
		};
		2DFDC5A124190AB700B108F8 /* CovidWatch iOS */ = {
			isa = PBXGroup;
			children = (
				BC6B4CB52448BA09003FB3F9 /* StringStorage */,
				2DFDC5A224190AB800B108F8 /* AppDelegate.swift */,
				2DF8F3D22430C503001C88EF /* AppDelegate+BackgroundFetch.swift */,
				2DF8F3D0243082F7001C88EF /* AppDelegate+BackgroundTasks.swift */,
				2DC231ED241BA27800216404 /* AppDelegate+UserNotificationCenter.swift */,
				2D667D812451AE3D0071C353 /* AppDelegate+TCN.swift */,
				2D667D8A2451AEA20071C353 /* OSLog+Additions.swift */,
				2D14F7BE2452D62B00C02C0D /* CurrentUserExposureNotifier.swift */,
				2D667D832451AE610071C353 /* Crypto */,
				2DC231E4241B885500216404 /* Firestore */,
				2DDEBF61241A39EE005BE9A8 /* Utility */,
				2D9D70AD241CCB4B007ABD89 /* ViewControllers */,
				2EF61C352436733A003046A4 /* UIComponents */,
				2D044469241A229E006B61E4 /* Data */,
				2DFDC5AB24190AB900B108F8 /* Assets.xcassets */,
				600678272450FC5D006DBD5D /* Splash.storyboard */,
				60A44B4F2444046A00A8154B /* Main.storyboard */,
				60EF50F62440FAE0006CDD76 /* Home.storyboard */,
				60EF50F82440FAF3006CDD76 /* Test.storyboard */,
				60EF50F22440FAA4006CDD76 /* Notifications.storyboard */,
				60BD14FE244685620009D7E0 /* Confirm.storyboard */,
				60EF50F02440E624006CDD76 /* Bluetooth.storyboard */,
				60867C902450F70C0028AEE3 /* LaunchScreen.storyboard */,
				2D5D61B82451F95A009F5AF1 /* CovidWatch.xcdatamodeld */,
				2DFDC5B324190AB900B108F8 /* Info.plist */,
				2E72B1C0243467D900560BCC /* Montserrat */,
				2DFDC5AD24190AB900B108F8 /* Preview Content */,
			);
			path = "CovidWatch iOS";
			sourceTree = "<group>";
		};
		2DFDC5AD24190AB900B108F8 /* Preview Content */ = {
			isa = PBXGroup;
			children = (
				2DFDC5AE24190AB900B108F8 /* Preview Assets.xcassets */,
			);
			path = "Preview Content";
			sourceTree = "<group>";
		};
		2DFDC5BB24190ABA00B108F8 /* CovidWatch iOSTests */ = {
			isa = PBXGroup;
			children = (
				2DFDC5BC24190ABA00B108F8 /* CovidWatch_iOSTests.swift */,
				2DFDC5BE24190ABA00B108F8 /* Info.plist */,
			);
			path = "CovidWatch iOSTests";
			sourceTree = "<group>";
		};
		2DFDC5C624190ABA00B108F8 /* CovidWatch iOSUITests */ = {
			isa = PBXGroup;
			children = (
				2EFE68E2244E8F7F003D1E48 /* OnboardingFlow.swift */,
				2E48145B244F6E020025EA9B /* Springboard.swift */,
				2DFDC5C924190ABA00B108F8 /* Info.plist */,
			);
			path = "CovidWatch iOSUITests";
			sourceTree = "<group>";
		};
		2E72B1C0243467D900560BCC /* Montserrat */ = {
			isa = PBXGroup;
			children = (
				2E1FDC0224393C57000D8D67 /* Montserrat-Black.ttf */,
				2E1FDC0024393C56000D8D67 /* Montserrat-BlackItalic.ttf */,
				2E1FDBFF24393C56000D8D67 /* Montserrat-Bold.ttf */,
				2E1FDBFE24393C56000D8D67 /* Montserrat-BoldItalic.ttf */,
				2E1FDC0724393C5A000D8D67 /* Montserrat-ExtraBold.ttf */,
				2E1FDBF724393C53000D8D67 /* Montserrat-ExtraBoldItalic.ttf */,
				2E1FDBF924393C54000D8D67 /* Montserrat-ExtraLight.ttf */,
				2E1FDBFD24393C55000D8D67 /* Montserrat-ExtraLightItalic.ttf */,
				2E1FDBF824393C54000D8D67 /* Montserrat-Italic.ttf */,
				2E1FDC0524393C58000D8D67 /* Montserrat-Light.ttf */,
				2E1FDC0124393C57000D8D67 /* Montserrat-LightItalic.ttf */,
				2E1FDC0324393C58000D8D67 /* Montserrat-Medium.ttf */,
				2E1FDBFA24393C54000D8D67 /* Montserrat-MediumItalic.ttf */,
				2E1FDBFB24393C55000D8D67 /* Montserrat-Regular.ttf */,
				2E1FDC0424393C58000D8D67 /* Montserrat-SemiBold.ttf */,
				2E1FDC0624393C59000D8D67 /* Montserrat-SemiBoldItalic.ttf */,
				2E1FDBFC24393C55000D8D67 /* Montserrat-Thin.ttf */,
				2E1FDBF624393C53000D8D67 /* Montserrat-ThinItalic.ttf */,
			);
			path = Montserrat;
			sourceTree = "<group>";
		};
		2EF61C352436733A003046A4 /* UIComponents */ = {
			isa = PBXGroup;
			children = (
				2EBF8724243BC275003278E6 /* Header.swift */,
				2EBF872A243BEAFA003278E6 /* LargeText.swift */,
				2EBF872E243BF41E003278E6 /* MainText.swift */,
				2EBF8730243C09F1003278E6 /* Button.swift */,
				2EBF8734243CE60E003278E6 /* Menu.swift */,
				2E0E86E5243D05260084F8ED /* MenuItem.swift */,
				2EFE630B2440E9EA00D00305 /* InfoBanner.swift */,
			);
			path = UIComponents;
			sourceTree = "<group>";
		};
		5AECD6E91A3FC6D786A4C832 /* Pods */ = {
			isa = PBXGroup;
			children = (
				C87741FDD3F9F0600A6673B8 /* Pods-CovidWatch iOS.debug.xcconfig */,
				B28D19F15F7DF07DA2DFB9EB /* Pods-CovidWatch iOS.release.xcconfig */,
				AAEB6B4913E90B327C8F1F7E /* Pods-CovidWatch iOS-CovidWatch iOSUITests.debug.xcconfig */,
				98574A535CCB62985CACF06E /* Pods-CovidWatch iOS-CovidWatch iOSUITests.release.xcconfig */,
				EDB7DEFEE5EBB4448ED04D36 /* Pods-CovidWatch iOSTests.debug.xcconfig */,
				38C1D7CF1123BCCB3961F9EA /* Pods-CovidWatch iOSTests.release.xcconfig */,
			);
			path = Pods;
			sourceTree = "<group>";
		};
		BC6B4CB52448BA09003FB3F9 /* StringStorage */ = {
			isa = PBXGroup;
			children = (
				BC6B4CB62448BB08003FB3F9 /* AccessibilityIdentifier.swift */,
				BC6B4CB92448BC50003FB3F9 /* AccessibilityLabel.swift */,
			);
			path = StringStorage;
			sourceTree = "<group>";
		};
/* End PBXGroup section */

/* Begin PBXNativeTarget section */
		2DFDC59E24190AB700B108F8 /* CovidWatch iOS */ = {
			isa = PBXNativeTarget;
			buildConfigurationList = 2DFDC5CC24190ABA00B108F8 /* Build configuration list for PBXNativeTarget "CovidWatch iOS" */;
			buildPhases = (
				F6FA55DDA851E1F8C67D2A2B /* [CP] Check Pods Manifest.lock */,
				2E48145F244FD0370025EA9B /* Environment */,
				E206411D243EB03A00FB08AE /* SwiftLint */,
				2DFDC59B24190AB700B108F8 /* Sources */,
				2DFDC59C24190AB700B108F8 /* Frameworks */,
				2DFDC59D24190AB700B108F8 /* Resources */,
				A01DD780D7E7848E9CC73A04 /* [CP] Embed Pods Frameworks */,
			);
			buildRules = (
			);
			dependencies = (
			);
			name = "CovidWatch iOS";
			packageProductDependencies = (
				2D667D7F2451AB0C0071C353 /* SwiftPackageProductDependency */,
			);
			productName = "COVID-19 Risk";
			productReference = 2DFDC59F24190AB700B108F8 /* Covid Watch.app */;
			productType = "com.apple.product-type.application";
		};
		2DFDC5B724190ABA00B108F8 /* CovidWatch iOSTests */ = {
			isa = PBXNativeTarget;
			buildConfigurationList = 2DFDC5CF24190ABA00B108F8 /* Build configuration list for PBXNativeTarget "CovidWatch iOSTests" */;
			buildPhases = (
				ECE4C21607FA5164F259713A /* [CP] Check Pods Manifest.lock */,
				2DFDC5B424190ABA00B108F8 /* Sources */,
				2DFDC5B524190ABA00B108F8 /* Frameworks */,
				2DFDC5B624190ABA00B108F8 /* Resources */,
			);
			buildRules = (
			);
			dependencies = (
				2DFDC5BA24190ABA00B108F8 /* PBXTargetDependency */,
			);
			name = "CovidWatch iOSTests";
			productName = "COVID-19 RiskTests";
			productReference = 2DFDC5B824190ABA00B108F8 /* CovidWatch iOSTests.xctest */;
			productType = "com.apple.product-type.bundle.unit-test";
		};
		2DFDC5C224190ABA00B108F8 /* CovidWatch iOSUITests */ = {
			isa = PBXNativeTarget;
			buildConfigurationList = 2DFDC5D224190ABA00B108F8 /* Build configuration list for PBXNativeTarget "CovidWatch iOSUITests" */;
			buildPhases = (
				ADF06B72932368F4A0571E45 /* [CP] Check Pods Manifest.lock */,
				2DFDC5BF24190ABA00B108F8 /* Sources */,
				2DFDC5C024190ABA00B108F8 /* Frameworks */,
				2DFDC5C124190ABA00B108F8 /* Resources */,
				485222BC2D212C70D9B741C1 /* [CP] Embed Pods Frameworks */,
			);
			buildRules = (
			);
			dependencies = (
				2DFDC5C524190ABA00B108F8 /* PBXTargetDependency */,
			);
			name = "CovidWatch iOSUITests";
			productName = "COVID-19 RiskUITests";
			productReference = 2DFDC5C324190ABA00B108F8 /* CovidWatch iOSUITests.xctest */;
			productType = "com.apple.product-type.bundle.ui-testing";
		};
/* End PBXNativeTarget section */

/* Begin PBXProject section */
		2DFDC59724190AB700B108F8 /* Project object */ = {
			isa = PBXProject;
			attributes = {
				LastSwiftUpdateCheck = 1130;
				LastUpgradeCheck = 1130;
				ORGANIZATIONNAME = IZE;
				TargetAttributes = {
					2DFDC59E24190AB700B108F8 = {
						CreatedOnToolsVersion = 11.3.1;
					};
					2DFDC5B724190ABA00B108F8 = {
						CreatedOnToolsVersion = 11.3.1;
						TestTargetID = 2DFDC59E24190AB700B108F8;
					};
					2DFDC5C224190ABA00B108F8 = {
						CreatedOnToolsVersion = 11.3.1;
						TestTargetID = 2DFDC59E24190AB700B108F8;
					};
				};
			};
			buildConfigurationList = 2DFDC59A24190AB700B108F8 /* Build configuration list for PBXProject "CovidWatch" */;
			compatibilityVersion = "Xcode 9.3";
			developmentRegion = en;
			hasScannedForEncodings = 0;
			knownRegions = (
				en,
				Base,
			);
			mainGroup = 2DFDC59624190AB700B108F8;
			packageReferences = (
				2D667D7E2451AB0C0071C353 /* RemoteSwiftPackageReference */,
			);
			productRefGroup = 2DFDC5A024190AB700B108F8 /* Products */;
			projectDirPath = "";
			projectRoot = "";
			targets = (
				2DFDC59E24190AB700B108F8 /* CovidWatch iOS */,
				2DFDC5B724190ABA00B108F8 /* CovidWatch iOSTests */,
				2DFDC5C224190ABA00B108F8 /* CovidWatch iOSUITests */,
			);
		};
/* End PBXProject section */

/* Begin PBXResourcesBuildPhase section */
		2DFDC59D24190AB700B108F8 /* Resources */ = {
			isa = PBXResourcesBuildPhase;
			buildActionMask = 2147483647;
			files = (
				2E1FDC0D24393C5A000D8D67 /* Montserrat-Regular.ttf in Resources */,
				2E1FDC0E24393C5A000D8D67 /* Montserrat-Thin.ttf in Resources */,
				2E1FDC0C24393C5A000D8D67 /* Montserrat-MediumItalic.ttf in Resources */,
				60A44B502444046A00A8154B /* Main.storyboard in Resources */,
				2E1FDC1624393C5A000D8D67 /* Montserrat-SemiBold.ttf in Resources */,
				2E1FDC1224393C5A000D8D67 /* Montserrat-BlackItalic.ttf in Resources */,
				2E1FDC1024393C5A000D8D67 /* Montserrat-BoldItalic.ttf in Resources */,
				2E1FDC1724393C5A000D8D67 /* Montserrat-Light.ttf in Resources */,
				600678282450FC5D006DBD5D /* Splash.storyboard in Resources */,
				2E1FDC1524393C5A000D8D67 /* Montserrat-Medium.ttf in Resources */,
				2E1FDC0924393C5A000D8D67 /* Montserrat-ExtraBoldItalic.ttf in Resources */,
				2E1FDC0824393C5A000D8D67 /* Montserrat-ThinItalic.ttf in Resources */,
				60EF50F32440FAA4006CDD76 /* Notifications.storyboard in Resources */,
				2E1FDC1324393C5A000D8D67 /* Montserrat-LightItalic.ttf in Resources */,
				2E1FDC1924393C5A000D8D67 /* Montserrat-ExtraBold.ttf in Resources */,
				2D6655B4242E605000B462E0 /* GoogleService-Info.plist in Resources */,
				2E1FDC1424393C5A000D8D67 /* Montserrat-Black.ttf in Resources */,
				2E1FDC0A24393C5A000D8D67 /* Montserrat-Italic.ttf in Resources */,
				60EF50F12440E624006CDD76 /* Bluetooth.storyboard in Resources */,
				60867C922450F70C0028AEE3 /* LaunchScreen.storyboard in Resources */,
				2DFDC5AF24190AB900B108F8 /* Preview Assets.xcassets in Resources */,
				60BD14FF244685620009D7E0 /* Confirm.storyboard in Resources */,
				2E1FDC1124393C5A000D8D67 /* Montserrat-Bold.ttf in Resources */,
				2DFDC5AC24190AB900B108F8 /* Assets.xcassets in Resources */,
				60EF50F72440FAE0006CDD76 /* Home.storyboard in Resources */,
				2E1FDC1824393C5A000D8D67 /* Montserrat-SemiBoldItalic.ttf in Resources */,
				2E1FDC0B24393C5A000D8D67 /* Montserrat-ExtraLight.ttf in Resources */,
				60EF50F92440FAF3006CDD76 /* Test.storyboard in Resources */,
				2E1FDC0F24393C5A000D8D67 /* Montserrat-ExtraLightItalic.ttf in Resources */,
			);
			runOnlyForDeploymentPostprocessing = 0;
		};
		2DFDC5B624190ABA00B108F8 /* Resources */ = {
			isa = PBXResourcesBuildPhase;
			buildActionMask = 2147483647;
			files = (
				2E1F86FF2448FE8C00957EBA /* Main.storyboard in Resources */,
				60867C932450F70C0028AEE3 /* LaunchScreen.storyboard in Resources */,
				2E1F87002448FE8C00957EBA /* Home.storyboard in Resources */,
				2E1F87012448FE8C00957EBA /* Test.storyboard in Resources */,
				600678292450FC5D006DBD5D /* Splash.storyboard in Resources */,
				2E1F87022448FE8C00957EBA /* Notifications.storyboard in Resources */,
				2E1F87032448FE8C00957EBA /* Confirm.storyboard in Resources */,
				2E1F87042448FE8C00957EBA /* Bluetooth.storyboard in Resources */,
			);
			runOnlyForDeploymentPostprocessing = 0;
		};
		2DFDC5C124190ABA00B108F8 /* Resources */ = {
			isa = PBXResourcesBuildPhase;
			buildActionMask = 2147483647;
			files = (
				2E1F87072448FE9800957EBA /* Main.storyboard in Resources */,
				60867C942450F70C0028AEE3 /* LaunchScreen.storyboard in Resources */,
				2E1F87082448FE9800957EBA /* Home.storyboard in Resources */,
				2E1F87092448FE9800957EBA /* Test.storyboard in Resources */,
				6006782A2450FC5D006DBD5D /* Splash.storyboard in Resources */,
				2E1F870A2448FE9800957EBA /* Notifications.storyboard in Resources */,
				2E1F870B2448FE9800957EBA /* Confirm.storyboard in Resources */,
				2E1F870C2448FE9800957EBA /* Bluetooth.storyboard in Resources */,
			);
			runOnlyForDeploymentPostprocessing = 0;
		};
/* End PBXResourcesBuildPhase section */

/* Begin PBXShellScriptBuildPhase section */
		2E48145F244FD0370025EA9B /* Environment */ = {
			isa = PBXShellScriptBuildPhase;
			buildActionMask = 2147483647;
			files = (
			);
			inputFileListPaths = (
			);
			inputPaths = (
			);
			name = Environment;
			outputFileListPaths = (
			);
			outputPaths = (
			);
			runOnlyForDeploymentPostprocessing = 0;
			shellPath = /bin/sh;
			shellScript = "# contents of SCHEME_FILE is definied in the scheme > build > pre action\n# SCHEME_FILE path is definied in Target Build Settings User Defined ENV vars\necho \"Running Scheme and IP Sniffer\"\nSCHEME_NAME=`cat ${SCHEME_FILE}`\necho $SCHEME_NAME\necho $INFOPLIST_FILE\n/usr/libexec/PlistBuddy -c \"Set :SchemeName \\\"$SCHEME_NAME\\\"\" \"$INFOPLIST_FILE\"\nif [ \"$SCHEME_NAME\" = \"covidwatch-ios-dev\" ]; then\nLOCAL_IP=$(LANG=C /sbin/ifconfig  | sed -ne $'/127.0.0.1/ ! { s/^[ \\t]*inet[ \\t]\\\\{1,99\\\\}\\\\(addr:\\\\)\\\\{0,1\\\\}\\\\([0-9.]*\\\\)[ \\t\\/].*$/\\\\2/p; }' | head -n 1)\nelse\nLOCAL_IP=\"\"\nfi;\n/usr/libexec/PlistBuddy -c \"Set :LocalIP \\\"$LOCAL_IP\\\"\" \"$INFOPLIST_FILE\"\n";
		};
		485222BC2D212C70D9B741C1 /* [CP] Embed Pods Frameworks */ = {
			isa = PBXShellScriptBuildPhase;
			buildActionMask = 2147483647;
			files = (
			);
			inputFileListPaths = (
				"${PODS_ROOT}/Target Support Files/Pods-CovidWatch iOS-CovidWatch iOSUITests/Pods-CovidWatch iOS-CovidWatch iOSUITests-frameworks-${CONFIGURATION}-input-files.xcfilelist",
			);
			name = "[CP] Embed Pods Frameworks";
			outputFileListPaths = (
				"${PODS_ROOT}/Target Support Files/Pods-CovidWatch iOS-CovidWatch iOSUITests/Pods-CovidWatch iOS-CovidWatch iOSUITests-frameworks-${CONFIGURATION}-output-files.xcfilelist",
			);
			runOnlyForDeploymentPostprocessing = 0;
			shellPath = /bin/sh;
			shellScript = "\"${PODS_ROOT}/Target Support Files/Pods-CovidWatch iOS-CovidWatch iOSUITests/Pods-CovidWatch iOS-CovidWatch iOSUITests-frameworks.sh\"\n";
			showEnvVarsInLog = 0;
		};
		A01DD780D7E7848E9CC73A04 /* [CP] Embed Pods Frameworks */ = {
			isa = PBXShellScriptBuildPhase;
			buildActionMask = 2147483647;
			files = (
			);
			inputFileListPaths = (
				"${PODS_ROOT}/Target Support Files/Pods-CovidWatch iOS/Pods-CovidWatch iOS-frameworks-${CONFIGURATION}-input-files.xcfilelist",
			);
			name = "[CP] Embed Pods Frameworks";
			outputFileListPaths = (
				"${PODS_ROOT}/Target Support Files/Pods-CovidWatch iOS/Pods-CovidWatch iOS-frameworks-${CONFIGURATION}-output-files.xcfilelist",
			);
			runOnlyForDeploymentPostprocessing = 0;
			shellPath = /bin/sh;
			shellScript = "\"${PODS_ROOT}/Target Support Files/Pods-CovidWatch iOS/Pods-CovidWatch iOS-frameworks.sh\"\n";
			showEnvVarsInLog = 0;
		};
		ADF06B72932368F4A0571E45 /* [CP] Check Pods Manifest.lock */ = {
			isa = PBXShellScriptBuildPhase;
			buildActionMask = 2147483647;
			files = (
			);
			inputFileListPaths = (
			);
			inputPaths = (
				"${PODS_PODFILE_DIR_PATH}/Podfile.lock",
				"${PODS_ROOT}/Manifest.lock",
			);
			name = "[CP] Check Pods Manifest.lock";
			outputFileListPaths = (
			);
			outputPaths = (
				"$(DERIVED_FILE_DIR)/Pods-CovidWatch iOS-CovidWatch iOSUITests-checkManifestLockResult.txt",
			);
			runOnlyForDeploymentPostprocessing = 0;
			shellPath = /bin/sh;
			shellScript = "diff \"${PODS_PODFILE_DIR_PATH}/Podfile.lock\" \"${PODS_ROOT}/Manifest.lock\" > /dev/null\nif [ $? != 0 ] ; then\n    # print error to STDERR\n    echo \"error: The sandbox is not in sync with the Podfile.lock. Run 'pod install' or update your CocoaPods installation.\" >&2\n    exit 1\nfi\n# This output is used by Xcode 'outputs' to avoid re-running this script phase.\necho \"SUCCESS\" > \"${SCRIPT_OUTPUT_FILE_0}\"\n";
			showEnvVarsInLog = 0;
		};
		E206411D243EB03A00FB08AE /* SwiftLint */ = {
			isa = PBXShellScriptBuildPhase;
			buildActionMask = 2147483647;
			files = (
			);
			inputFileListPaths = (
			);
			inputPaths = (
			);
			name = SwiftLint;
			outputFileListPaths = (
			);
			outputPaths = (
			);
			runOnlyForDeploymentPostprocessing = 0;
			shellPath = /bin/sh;
			shellScript = "cd $PROJECT_DIR # run from project directory\n${PODS_ROOT}/SwiftLint/swiftlint --strict\n";
		};
		ECE4C21607FA5164F259713A /* [CP] Check Pods Manifest.lock */ = {
			isa = PBXShellScriptBuildPhase;
			buildActionMask = 2147483647;
			files = (
			);
			inputFileListPaths = (
			);
			inputPaths = (
				"${PODS_PODFILE_DIR_PATH}/Podfile.lock",
				"${PODS_ROOT}/Manifest.lock",
			);
			name = "[CP] Check Pods Manifest.lock";
			outputFileListPaths = (
			);
			outputPaths = (
				"$(DERIVED_FILE_DIR)/Pods-CovidWatch iOSTests-checkManifestLockResult.txt",
			);
			runOnlyForDeploymentPostprocessing = 0;
			shellPath = /bin/sh;
			shellScript = "diff \"${PODS_PODFILE_DIR_PATH}/Podfile.lock\" \"${PODS_ROOT}/Manifest.lock\" > /dev/null\nif [ $? != 0 ] ; then\n    # print error to STDERR\n    echo \"error: The sandbox is not in sync with the Podfile.lock. Run 'pod install' or update your CocoaPods installation.\" >&2\n    exit 1\nfi\n# This output is used by Xcode 'outputs' to avoid re-running this script phase.\necho \"SUCCESS\" > \"${SCRIPT_OUTPUT_FILE_0}\"\n";
			showEnvVarsInLog = 0;
		};
		F6FA55DDA851E1F8C67D2A2B /* [CP] Check Pods Manifest.lock */ = {
			isa = PBXShellScriptBuildPhase;
			buildActionMask = 2147483647;
			files = (
			);
			inputFileListPaths = (
			);
			inputPaths = (
				"${PODS_PODFILE_DIR_PATH}/Podfile.lock",
				"${PODS_ROOT}/Manifest.lock",
			);
			name = "[CP] Check Pods Manifest.lock";
			outputFileListPaths = (
			);
			outputPaths = (
				"$(DERIVED_FILE_DIR)/Pods-CovidWatch iOS-checkManifestLockResult.txt",
			);
			runOnlyForDeploymentPostprocessing = 0;
			shellPath = /bin/sh;
			shellScript = "diff \"${PODS_PODFILE_DIR_PATH}/Podfile.lock\" \"${PODS_ROOT}/Manifest.lock\" > /dev/null\nif [ $? != 0 ] ; then\n    # print error to STDERR\n    echo \"error: The sandbox is not in sync with the Podfile.lock. Run 'pod install' or update your CocoaPods installation.\" >&2\n    exit 1\nfi\n# This output is used by Xcode 'outputs' to avoid re-running this script phase.\necho \"SUCCESS\" > \"${SCRIPT_OUTPUT_FILE_0}\"\n";
			showEnvVarsInLog = 0;
		};
/* End PBXShellScriptBuildPhase section */

/* Begin PBXSourcesBuildPhase section */
		2DFDC59B24190AB700B108F8 /* Sources */ = {
			isa = PBXSourcesBuildPhase;
			buildActionMask = 2147483647;
			files = (
				2E1FDBF5243929F4000D8D67 /* Bluetooth.swift in Sources */,
				2D8496F924321A7C00C71BD1 /* FirestoreOperations.swift in Sources */,
				2D30EFC3242268040063C211 /* Array+Chunked.swift in Sources */,
				2DFDC5A324190AB800B108F8 /* AppDelegate.swift in Sources */,
				2D667D932451AF940071C353 /* TemporaryContactNumber+Additions.swift in Sources */,
				2D667D872451AE610071C353 /* KeyStoreError.swift in Sources */,
				2DC231E6241B886C00216404 /* Firestore+Constants.swift in Sources */,
				2E1FDBF32439275E000D8D67 /* Splash.swift in Sources */,
				2D667D8D2451AEC90071C353 /* SignedReportsUploader.swift in Sources */,
				2EBF8731243C09F1003278E6 /* Button.swift in Sources */,
				2D5C5411241CB6FF00DB2520 /* UserDefaults+Shared.swift in Sources */,
				2EBF8729243BCFA1003278E6 /* UIViewExtension.swift in Sources */,
				2E0E86E6243D05260084F8ED /* MenuItem.swift in Sources */,
				2DC6439C2431FE2F008F5E4C /* QuerySnapshotProcessingOperation.swift in Sources */,
				60A44B4E244402A500A8154B /* Entry.swift in Sources */,
				2EF61C392436F82D003046A4 /* UIColorExtension.swift in Sources */,
				2EBF8725243BC275003278E6 /* Header.swift in Sources */,
				2D667D8F2451AED20071C353 /* SignedReportsDownloadOperation.swift in Sources */,
				2D667D912451AF870071C353 /* SignedReport+TCN.swift in Sources */,
				E2B451A924443FE900E17888 /* BluetoothPermission.swift in Sources */,
				2EBF8727243BC7F8003278E6 /* BaseViewController.swift in Sources */,
				2EFE630C2440E9EA00D00305 /* InfoBanner.swift in Sources */,
				2DDEBF5E241A3468005BE9A8 /* PersistentContainer.swift in Sources */,
				E1C729FF243DE30900D30118 /* Test.swift in Sources */,
				2D667D822451AE3E0071C353 /* AppDelegate+TCN.swift in Sources */,
				2D667D892451AE610071C353 /* GenericPasswordConvertible.swift in Sources */,
				2EBF872F243BF41E003278E6 /* MainText.swift in Sources */,
				2DC231E8241B914200216404 /* CoreData+Additions.swift in Sources */,
				2E1FDC1B24394425000D8D67 /* Notifications.swift in Sources */,
				2DDEBF60241A369B005BE9A8 /* UIWindow+ViewControllerUtility.swift in Sources */,
				2DC231EC241BA17B00216404 /* UIViewController+ErrorPresenting.swift in Sources */,
				2D667D882451AE610071C353 /* GenericPasswordStore.swift in Sources */,
				2E48145E244FCCDD0025EA9B /* Environment.swift in Sources */,
				2DC231EE241BA27800216404 /* AppDelegate+UserNotificationCenter.swift in Sources */,
				2D667D8B2451AEA20071C353 /* OSLog+Additions.swift in Sources */,
				2EBF8735243CE60E003278E6 /* Menu.swift in Sources */,
				2EFE6308243FB54F00D00305 /* UIResponderExtension.swift in Sources */,
				E24BC323244545CB00819EF0 /* NotificationPermission.swift in Sources */,
				BC6B4CBA2448BC50003FB3F9 /* AccessibilityLabel.swift in Sources */,
				2EFE6304243F990900D00305 /* Home.swift in Sources */,
				BC6B4CB72448BB08003FB3F9 /* AccessibilityIdentifier.swift in Sources */,
				2DF8F3D32430C503001C88EF /* AppDelegate+BackgroundFetch.swift in Sources */,
				2DF8F3D1243082F7001C88EF /* AppDelegate+BackgroundTasks.swift in Sources */,
				2D14F7BF2452D62B00C02C0D /* CurrentUserExposureNotifier.swift in Sources */,
				60BD14FB2446854F0009D7E0 /* Confirm.swift in Sources */,
				2EBF872B243BEAFA003278E6 /* LargeText.swift in Sources */,
				2E80CAE72446B87700F5272E /* IsWithinXDaysOfToday.swift in Sources */,
				2D5D61BA2451F95B009F5AF1 /* CovidWatch.xcdatamodeld in Sources */,
			);
			runOnlyForDeploymentPostprocessing = 0;
		};
		2DFDC5B424190ABA00B108F8 /* Sources */ = {
			isa = PBXSourcesBuildPhase;
			buildActionMask = 2147483647;
			files = (
				2DFDC5BD24190ABA00B108F8 /* CovidWatch_iOSTests.swift in Sources */,
			);
			runOnlyForDeploymentPostprocessing = 0;
		};
		2DFDC5BF24190ABA00B108F8 /* Sources */ = {
			isa = PBXSourcesBuildPhase;
			buildActionMask = 2147483647;
			files = (
				1F9258FA245258E30025C1B0 /* OnboardingFlow.swift in Sources */,
				1F9258FB245258E60025C1B0 /* Springboard.swift in Sources */,
			);
			runOnlyForDeploymentPostprocessing = 0;
		};
/* End PBXSourcesBuildPhase section */

/* Begin PBXTargetDependency section */
		2DFDC5BA24190ABA00B108F8 /* PBXTargetDependency */ = {
			isa = PBXTargetDependency;
			target = 2DFDC59E24190AB700B108F8 /* CovidWatch iOS */;
			targetProxy = 2DFDC5B924190ABA00B108F8 /* PBXContainerItemProxy */;
		};
		2DFDC5C524190ABA00B108F8 /* PBXTargetDependency */ = {
			isa = PBXTargetDependency;
			target = 2DFDC59E24190AB700B108F8 /* CovidWatch iOS */;
			targetProxy = 2DFDC5C424190ABA00B108F8 /* PBXContainerItemProxy */;
		};
/* End PBXTargetDependency section */

/* Begin PBXVariantGroup section */
		60867C902450F70C0028AEE3 /* LaunchScreen.storyboard */ = {
			isa = PBXVariantGroup;
			children = (
				60867C912450F70C0028AEE3 /* Base */,
			);
			name = LaunchScreen.storyboard;
			sourceTree = "<group>";
		};
/* End PBXVariantGroup section */

/* Begin XCBuildConfiguration section */
		2DFDC5CA24190ABA00B108F8 /* Debug */ = {
			isa = XCBuildConfiguration;
			buildSettings = {
				ALWAYS_SEARCH_USER_PATHS = NO;
				CLANG_ANALYZER_NONNULL = YES;
				CLANG_ANALYZER_NUMBER_OBJECT_CONVERSION = YES_AGGRESSIVE;
				CLANG_CXX_LANGUAGE_STANDARD = "gnu++14";
				CLANG_CXX_LIBRARY = "libc++";
				CLANG_ENABLE_MODULES = YES;
				CLANG_ENABLE_OBJC_ARC = YES;
				CLANG_ENABLE_OBJC_WEAK = YES;
				CLANG_WARN_BLOCK_CAPTURE_AUTORELEASING = YES;
				CLANG_WARN_BOOL_CONVERSION = YES;
				CLANG_WARN_COMMA = YES;
				CLANG_WARN_CONSTANT_CONVERSION = YES;
				CLANG_WARN_DEPRECATED_OBJC_IMPLEMENTATIONS = YES;
				CLANG_WARN_DIRECT_OBJC_ISA_USAGE = YES_ERROR;
				CLANG_WARN_DOCUMENTATION_COMMENTS = YES;
				CLANG_WARN_EMPTY_BODY = YES;
				CLANG_WARN_ENUM_CONVERSION = YES;
				CLANG_WARN_INFINITE_RECURSION = YES;
				CLANG_WARN_INT_CONVERSION = YES;
				CLANG_WARN_NON_LITERAL_NULL_CONVERSION = YES;
				CLANG_WARN_OBJC_IMPLICIT_RETAIN_SELF = YES;
				CLANG_WARN_OBJC_LITERAL_CONVERSION = YES;
				CLANG_WARN_OBJC_ROOT_CLASS = YES_ERROR;
				CLANG_WARN_RANGE_LOOP_ANALYSIS = YES;
				CLANG_WARN_STRICT_PROTOTYPES = YES;
				CLANG_WARN_SUSPICIOUS_MOVE = YES;
				CLANG_WARN_UNGUARDED_AVAILABILITY = YES_AGGRESSIVE;
				CLANG_WARN_UNREACHABLE_CODE = YES;
				CLANG_WARN__DUPLICATE_METHOD_MATCH = YES;
				COPY_PHASE_STRIP = NO;
				DEBUG_INFORMATION_FORMAT = dwarf;
				DISABLE_DIAMOND_PROBLEM_DIAGNOSTIC = 1;
				ENABLE_STRICT_OBJC_MSGSEND = YES;
				ENABLE_TESTABILITY = YES;
				GCC_C_LANGUAGE_STANDARD = gnu11;
				GCC_DYNAMIC_NO_PIC = NO;
				GCC_NO_COMMON_BLOCKS = YES;
				GCC_OPTIMIZATION_LEVEL = 0;
				GCC_PREPROCESSOR_DEFINITIONS = (
					"DEBUG=1",
					"$(inherited)",
				);
				GCC_WARN_64_TO_32_BIT_CONVERSION = YES;
				GCC_WARN_ABOUT_RETURN_TYPE = YES_ERROR;
				GCC_WARN_UNDECLARED_SELECTOR = YES;
				GCC_WARN_UNINITIALIZED_AUTOS = YES_AGGRESSIVE;
				GCC_WARN_UNUSED_FUNCTION = YES;
				GCC_WARN_UNUSED_VARIABLE = YES;
				IPHONEOS_DEPLOYMENT_TARGET = 13.4;
				MTL_ENABLE_DEBUG_INFO = INCLUDE_SOURCE;
				MTL_FAST_MATH = YES;
				ONLY_ACTIVE_ARCH = YES;
				SDKROOT = iphoneos;
				SWIFT_ACTIVE_COMPILATION_CONDITIONS = DEBUG;
				SWIFT_OPTIMIZATION_LEVEL = "-Onone";
			};
			name = Debug;
		};
		2DFDC5CB24190ABA00B108F8 /* Release */ = {
			isa = XCBuildConfiguration;
			buildSettings = {
				ALWAYS_SEARCH_USER_PATHS = NO;
				CLANG_ANALYZER_NONNULL = YES;
				CLANG_ANALYZER_NUMBER_OBJECT_CONVERSION = YES_AGGRESSIVE;
				CLANG_CXX_LANGUAGE_STANDARD = "gnu++14";
				CLANG_CXX_LIBRARY = "libc++";
				CLANG_ENABLE_MODULES = YES;
				CLANG_ENABLE_OBJC_ARC = YES;
				CLANG_ENABLE_OBJC_WEAK = YES;
				CLANG_WARN_BLOCK_CAPTURE_AUTORELEASING = YES;
				CLANG_WARN_BOOL_CONVERSION = YES;
				CLANG_WARN_COMMA = YES;
				CLANG_WARN_CONSTANT_CONVERSION = YES;
				CLANG_WARN_DEPRECATED_OBJC_IMPLEMENTATIONS = YES;
				CLANG_WARN_DIRECT_OBJC_ISA_USAGE = YES_ERROR;
				CLANG_WARN_DOCUMENTATION_COMMENTS = YES;
				CLANG_WARN_EMPTY_BODY = YES;
				CLANG_WARN_ENUM_CONVERSION = YES;
				CLANG_WARN_INFINITE_RECURSION = YES;
				CLANG_WARN_INT_CONVERSION = YES;
				CLANG_WARN_NON_LITERAL_NULL_CONVERSION = YES;
				CLANG_WARN_OBJC_IMPLICIT_RETAIN_SELF = YES;
				CLANG_WARN_OBJC_LITERAL_CONVERSION = YES;
				CLANG_WARN_OBJC_ROOT_CLASS = YES_ERROR;
				CLANG_WARN_RANGE_LOOP_ANALYSIS = YES;
				CLANG_WARN_STRICT_PROTOTYPES = YES;
				CLANG_WARN_SUSPICIOUS_MOVE = YES;
				CLANG_WARN_UNGUARDED_AVAILABILITY = YES_AGGRESSIVE;
				CLANG_WARN_UNREACHABLE_CODE = YES;
				CLANG_WARN__DUPLICATE_METHOD_MATCH = YES;
				COPY_PHASE_STRIP = NO;
				DEBUG_INFORMATION_FORMAT = "dwarf-with-dsym";
				DISABLE_DIAMOND_PROBLEM_DIAGNOSTIC = 1;
				ENABLE_NS_ASSERTIONS = NO;
				ENABLE_STRICT_OBJC_MSGSEND = YES;
				GCC_C_LANGUAGE_STANDARD = gnu11;
				GCC_NO_COMMON_BLOCKS = YES;
				GCC_WARN_64_TO_32_BIT_CONVERSION = YES;
				GCC_WARN_ABOUT_RETURN_TYPE = YES_ERROR;
				GCC_WARN_UNDECLARED_SELECTOR = YES;
				GCC_WARN_UNINITIALIZED_AUTOS = YES_AGGRESSIVE;
				GCC_WARN_UNUSED_FUNCTION = YES;
				GCC_WARN_UNUSED_VARIABLE = YES;
				IPHONEOS_DEPLOYMENT_TARGET = 13.4;
				MTL_ENABLE_DEBUG_INFO = NO;
				MTL_FAST_MATH = YES;
				SDKROOT = iphoneos;
				SWIFT_COMPILATION_MODE = wholemodule;
				SWIFT_OPTIMIZATION_LEVEL = "-O";
				VALIDATE_PRODUCT = YES;
			};
			name = Release;
		};
		2DFDC5CD24190ABA00B108F8 /* Debug */ = {
			isa = XCBuildConfiguration;
			baseConfigurationReference = C87741FDD3F9F0600A6673B8 /* Pods-CovidWatch iOS.debug.xcconfig */;
			buildSettings = {
				ASSETCATALOG_COMPILER_APPICON_NAME = AppIcon;
				CODE_SIGN_IDENTITY = "Apple Development";
				CODE_SIGN_STYLE = Automatic;
				CURRENT_PROJECT_VERSION = 2020.04.14.1027;
				DEVELOPMENT_ASSET_PATHS = "\"CovidWatch iOS/Preview Content\"";
				DEVELOPMENT_TEAM = CQRZ4E7K9U;
				ENABLE_PREVIEWS = YES;
				INFOPLIST_FILE = "CovidWatch iOS/Info.plist";
				INTERMEDIATES_OUTPUT_DIR = "${PROJECT_DIR}/build/intermediates/${CONFIGURATION}/";
				IPHONEOS_DEPLOYMENT_TARGET = 13.0;
				LD_RUNPATH_SEARCH_PATHS = (
					"$(inherited)",
					"@executable_path/Frameworks",
				);
				PRODUCT_BUNDLE_IDENTIFIER = edu.stanford.covidwatch.ios;
				PRODUCT_NAME = "Covid Watch";
				PROVISIONING_PROFILE_SPECIFIER = "";
				SCHEME_FILE = "${INTERMEDIATES_OUTPUT_DIR}current_scheme.txt";
				SWIFT_VERSION = 5.0;
				TARGETED_DEVICE_FAMILY = 1;
			};
			name = Debug;
		};
		2DFDC5CE24190ABA00B108F8 /* Release */ = {
			isa = XCBuildConfiguration;
			baseConfigurationReference = B28D19F15F7DF07DA2DFB9EB /* Pods-CovidWatch iOS.release.xcconfig */;
			buildSettings = {
				ASSETCATALOG_COMPILER_APPICON_NAME = AppIcon;
				CODE_SIGN_IDENTITY = "Apple Development";
				CODE_SIGN_STYLE = Automatic;
				CURRENT_PROJECT_VERSION = 2020.04.14.1027;
				DEVELOPMENT_ASSET_PATHS = "\"CovidWatch iOS/Preview Content\"";
				DEVELOPMENT_TEAM = CQRZ4E7K9U;
				ENABLE_PREVIEWS = YES;
				INFOPLIST_FILE = "CovidWatch iOS/Info.plist";
				INTERMEDIATES_OUTPUT_DIR = "${PROJECT_DIR}/build/intermediates/${CONFIGURATION}/";
				IPHONEOS_DEPLOYMENT_TARGET = 13.0;
				LD_RUNPATH_SEARCH_PATHS = (
					"$(inherited)",
					"@executable_path/Frameworks",
				);
				PRODUCT_BUNDLE_IDENTIFIER = edu.stanford.covidwatch.ios;
				PRODUCT_NAME = "Covid Watch";
				PROVISIONING_PROFILE_SPECIFIER = "";
				SCHEME_FILE = "${INTERMEDIATES_OUTPUT_DIR}current_scheme.txt";
				SWIFT_VERSION = 5.0;
				TARGETED_DEVICE_FAMILY = 1;
			};
			name = Release;
		};
		2DFDC5D024190ABA00B108F8 /* Debug */ = {
			isa = XCBuildConfiguration;
			baseConfigurationReference = EDB7DEFEE5EBB4448ED04D36 /* Pods-CovidWatch iOSTests.debug.xcconfig */;
			buildSettings = {
				ALWAYS_EMBED_SWIFT_STANDARD_LIBRARIES = YES;
				BUNDLE_LOADER = "$(TEST_HOST)";
				CODE_SIGN_STYLE = Automatic;
				DEVELOPMENT_TEAM = CQRZ4E7K9U;
				GCC_SYMBOLS_PRIVATE_EXTERN = NO;
				INFOPLIST_FILE = "CovidWatch iOSTests/Info.plist";
				IPHONEOS_DEPLOYMENT_TARGET = 13.2;
				LD_RUNPATH_SEARCH_PATHS = (
					"$(inherited)",
					"@executable_path/Frameworks",
					"@loader_path/Frameworks",
				);
				PRODUCT_BUNDLE_IDENTIFIER = edu.stanford.covidwatch.ios.CovidWatchiOSTests;
				PRODUCT_NAME = "$(TARGET_NAME)";
				SWIFT_VERSION = 5.0;
				TARGETED_DEVICE_FAMILY = "1,2";
				TEST_HOST = "$(BUILT_PRODUCTS_DIR)/Covid Watch.app/Covid Watch";
			};
			name = Debug;
		};
		2DFDC5D124190ABA00B108F8 /* Release */ = {
			isa = XCBuildConfiguration;
			baseConfigurationReference = 38C1D7CF1123BCCB3961F9EA /* Pods-CovidWatch iOSTests.release.xcconfig */;
			buildSettings = {
				ALWAYS_EMBED_SWIFT_STANDARD_LIBRARIES = YES;
				BUNDLE_LOADER = "$(TEST_HOST)";
				CODE_SIGN_STYLE = Automatic;
				DEVELOPMENT_TEAM = CQRZ4E7K9U;
				GCC_SYMBOLS_PRIVATE_EXTERN = NO;
				INFOPLIST_FILE = "CovidWatch iOSTests/Info.plist";
				IPHONEOS_DEPLOYMENT_TARGET = 13.2;
				LD_RUNPATH_SEARCH_PATHS = (
					"$(inherited)",
					"@executable_path/Frameworks",
					"@loader_path/Frameworks",
				);
				PRODUCT_BUNDLE_IDENTIFIER = edu.stanford.covidwatch.ios.CovidWatchiOSTests;
				PRODUCT_NAME = "$(TARGET_NAME)";
				SWIFT_VERSION = 5.0;
				TARGETED_DEVICE_FAMILY = "1,2";
				TEST_HOST = "$(BUILT_PRODUCTS_DIR)/Covid Watch.app/Covid Watch";
			};
			name = Release;
		};
		2DFDC5D324190ABA00B108F8 /* Debug */ = {
			isa = XCBuildConfiguration;
			baseConfigurationReference = AAEB6B4913E90B327C8F1F7E /* Pods-CovidWatch iOS-CovidWatch iOSUITests.debug.xcconfig */;
			buildSettings = {
				ALWAYS_EMBED_SWIFT_STANDARD_LIBRARIES = "$(inherited)";
				CODE_SIGN_STYLE = Automatic;
				DEVELOPMENT_TEAM = CQRZ4E7K9U;
				GCC_SYMBOLS_PRIVATE_EXTERN = NO;
				INFOPLIST_FILE = "CovidWatch iOSUITests/Info.plist";
				IPHONEOS_DEPLOYMENT_TARGET = 13.2;
				LD_RUNPATH_SEARCH_PATHS = (
					"$(inherited)",
					"@executable_path/Frameworks",
					"@loader_path/Frameworks",
				);
				PRODUCT_BUNDLE_IDENTIFIER = edu.stanford.covidwatch.ios.CovidWatchiOSUITests;
				PRODUCT_NAME = "$(TARGET_NAME)";
				SWIFT_VERSION = 5.0;
				TARGETED_DEVICE_FAMILY = "1,2";
				TEST_TARGET_NAME = "CovidWatch iOS";
			};
			name = Debug;
		};
		2DFDC5D424190ABA00B108F8 /* Release */ = {
			isa = XCBuildConfiguration;
			baseConfigurationReference = 98574A535CCB62985CACF06E /* Pods-CovidWatch iOS-CovidWatch iOSUITests.release.xcconfig */;
			buildSettings = {
				ALWAYS_EMBED_SWIFT_STANDARD_LIBRARIES = "$(inherited)";
				CODE_SIGN_STYLE = Automatic;
				DEVELOPMENT_TEAM = CQRZ4E7K9U;
				GCC_SYMBOLS_PRIVATE_EXTERN = NO;
				INFOPLIST_FILE = "CovidWatch iOSUITests/Info.plist";
				IPHONEOS_DEPLOYMENT_TARGET = 13.2;
				LD_RUNPATH_SEARCH_PATHS = (
					"$(inherited)",
					"@executable_path/Frameworks",
					"@loader_path/Frameworks",
				);
				PRODUCT_BUNDLE_IDENTIFIER = edu.stanford.covidwatch.ios.CovidWatchiOSUITests;
				PRODUCT_NAME = "$(TARGET_NAME)";
				SWIFT_VERSION = 5.0;
				TARGETED_DEVICE_FAMILY = "1,2";
				TEST_TARGET_NAME = "CovidWatch iOS";
			};
			name = Release;
		};
/* End XCBuildConfiguration section */

/* Begin XCConfigurationList section */
		2DFDC59A24190AB700B108F8 /* Build configuration list for PBXProject "CovidWatch" */ = {
			isa = XCConfigurationList;
			buildConfigurations = (
				2DFDC5CA24190ABA00B108F8 /* Debug */,
				2DFDC5CB24190ABA00B108F8 /* Release */,
			);
			defaultConfigurationIsVisible = 0;
			defaultConfigurationName = Release;
		};
		2DFDC5CC24190ABA00B108F8 /* Build configuration list for PBXNativeTarget "CovidWatch iOS" */ = {
			isa = XCConfigurationList;
			buildConfigurations = (
				2DFDC5CD24190ABA00B108F8 /* Debug */,
				2DFDC5CE24190ABA00B108F8 /* Release */,
			);
			defaultConfigurationIsVisible = 0;
			defaultConfigurationName = Release;
		};
		2DFDC5CF24190ABA00B108F8 /* Build configuration list for PBXNativeTarget "CovidWatch iOSTests" */ = {
			isa = XCConfigurationList;
			buildConfigurations = (
				2DFDC5D024190ABA00B108F8 /* Debug */,
				2DFDC5D124190ABA00B108F8 /* Release */,
			);
			defaultConfigurationIsVisible = 0;
			defaultConfigurationName = Release;
		};
		2DFDC5D224190ABA00B108F8 /* Build configuration list for PBXNativeTarget "CovidWatch iOSUITests" */ = {
			isa = XCConfigurationList;
			buildConfigurations = (
				2DFDC5D324190ABA00B108F8 /* Debug */,
				2DFDC5D424190ABA00B108F8 /* Release */,
			);
			defaultConfigurationIsVisible = 0;
			defaultConfigurationName = Release;
		};
/* End XCConfigurationList section */

/* Begin XCRemoteSwiftPackageReference section */
		2D667D7E2451AB0C0071C353 /* RemoteSwiftPackageReference */ = {
			isa = XCRemoteSwiftPackageReference;
			repositoryURL = "https://github.com/TCNCoalition/tcn-client-ios";
			requirement = {
				branch = develop;
				kind = branch;
			};
		};
/* End XCRemoteSwiftPackageReference section */

/* Begin XCSwiftPackageProductDependency section */
		2D667D7F2451AB0C0071C353 /* SwiftPackageProductDependency */ = {
			isa = XCSwiftPackageProductDependency;
			package = 2D667D7E2451AB0C0071C353 /* RemoteSwiftPackageReference */;
			productName = TCNClient;
		};
/* End XCSwiftPackageProductDependency section */

/* Begin XCVersionGroup section */
		2D5D61B82451F95A009F5AF1 /* CovidWatch.xcdatamodeld */ = {
			isa = XCVersionGroup;
			children = (
				2D5D61B92451F95B009F5AF1 /* CovidWatch.xcdatamodel */,
			);
			currentVersion = 2D5D61B92451F95B009F5AF1 /* CovidWatch.xcdatamodel */;
			path = CovidWatch.xcdatamodeld;
			sourceTree = "<group>";
			versionGroupType = wrapper.xcdatamodel;
		};
/* End XCVersionGroup section */
	};
	rootObject = 2DFDC59724190AB700B108F8 /* Project object */;
}
